PODS:
  - AMap2DMap (3.3.0)
  - AMapSearch (3.2.0)
  - AVOSCloud (3.2.2)
  - AVOSCloudIM (3.2.2):
    - AVOSCloud
  - BFNavigationBarDrawer (1.0.2)

DEPENDENCIES:
  - AMap2DMap
  - AMapSearch
  - AVOSCloud
  - AVOSCloudIM
  - BFNavigationBarDrawer

SPEC CHECKSUMS:
  AMap2DMap: e53461cdc345375e514579db17dbd721ff9ed9eb
  AMapSearch: a885f0702578a441a22cb66fa74f8918c6d19e6f
  AVOSCloud: 73eb3e7b772b84998df5fb104813c17b39b25cf3
  AVOSCloudIM: 3cb536dae7cecb2ae6eab5da3ef2663c6561ab39
  BFNavigationBarDrawer: 7114305b2eb64f796aeee63029a037e30bf37a93

COCOAPODS: 0.39.0
