// !$*UTF8*$!
{
	archiveVersion = 1;
	classes = {
	};
	objectVersion = 46;
	objects = {

/* Begin PBXBuildFile section */
		540D990E1C4A64380027EF2F /* daohang.png in Resources */ = {isa = PBXBuildFile; fileRef = 540D98FD1C4A64380027EF2F /* daohang.png */; };
		540D990F1C4A64380027EF2F /* daohang_selected.png in Resources */ = {isa = PBXBuildFile; fileRef = 540D98FE1C4A64380027EF2F /* daohang_selected.png */; };
		540D99101C4A64380027EF2F /* group.png in Resources */ = {isa = PBXBuildFile; fileRef = 540D98FF1C4A64380027EF2F /* group.png */; };
		540D99111C4A64380027EF2F /* group_select.png in Resources */ = {isa = PBXBuildFile; fileRef = 540D99001C4A64380027EF2F /* group_select.png */; };
		540D99121C4A64380027EF2F /* haoyou-selected.png in Resources */ = {isa = PBXBuildFile; fileRef = 540D99011C4A64380027EF2F /* haoyou-selected.png */; };
		540D99131C4A64380027EF2F /* haoyou.png in Resources */ = {isa = PBXBuildFile; fileRef = 540D99021C4A64380027EF2F /* haoyou.png */; };
		540D99141C4A64380027EF2F /* jia.png in Resources */ = {isa = PBXBuildFile; fileRef = 540D99031C4A64380027EF2F /* jia.png */; };
		540D99151C4A64380027EF2F /* jia_selected.png in Resources */ = {isa = PBXBuildFile; fileRef = 540D99041C4A64380027EF2F /* jia_selected.png */; };
		540D99161C4A64380027EF2F /* jian.png in Resources */ = {isa = PBXBuildFile; fileRef = 540D99051C4A64380027EF2F /* jian.png */; };
		540D99171C4A64380027EF2F /* jian_selected.png in Resources */ = {isa = PBXBuildFile; fileRef = 540D99061C4A64380027EF2F /* jian_selected.png */; };
		540D99181C4A64380027EF2F /* news.png in Resources */ = {isa = PBXBuildFile; fileRef = 540D99071C4A64380027EF2F /* news.png */; };
		540D99191C4A64380027EF2F /* news_selected.png in Resources */ = {isa = PBXBuildFile; fileRef = 540D99081C4A64380027EF2F /* news_selected.png */; };
		540D991A1C4A64380027EF2F /* person.png in Resources */ = {isa = PBXBuildFile; fileRef = 540D99091C4A64380027EF2F /* person.png */; };
		540D991B1C4A64380027EF2F /* share.png in Resources */ = {isa = PBXBuildFile; fileRef = 540D990A1C4A64380027EF2F /* share.png */; };
		540D991C1C4A64380027EF2F /* share_selected.png in Resources */ = {isa = PBXBuildFile; fileRef = 540D990B1C4A64380027EF2F /* share_selected.png */; };
		540D991D1C4A64380027EF2F /* weixing.png in Resources */ = {isa = PBXBuildFile; fileRef = 540D990C1C4A64380027EF2F /* weixing.png */; };
		540D991E1C4A64380027EF2F /* weixing_selected.png in Resources */ = {isa = PBXBuildFile; fileRef = 540D990D1C4A64380027EF2F /* weixing_selected.png */; };
		542ADB141C7D57FE00937593 /* TrackwayTableViewController.m in Sources */ = {isa = PBXBuildFile; fileRef = 542ADB131C7D57FE00937593 /* TrackwayTableViewController.m */; };
		542ADB181C7D588900937593 /* TrackwayTableViewCell.m in Sources */ = {isa = PBXBuildFile; fileRef = 542ADB161C7D588900937593 /* TrackwayTableViewCell.m */; };
		542ADB191C7D588900937593 /* TrackwayTableViewCell.xib in Resources */ = {isa = PBXBuildFile; fileRef = 542ADB171C7D588900937593 /* TrackwayTableViewCell.xib */; };
		542ADB1D1C7D5DBA00937593 /* speedometer.png in Resources */ = {isa = PBXBuildFile; fileRef = 542ADB1B1C7D5DBA00937593 /* speedometer.png */; };
		542ADB201C7DD0B400937593 /* MapwayDetailsViewController.m in Sources */ = {isa = PBXBuildFile; fileRef = 542ADB1F1C7DD0B400937593 /* MapwayDetailsViewController.m */; };
		542ADB4E1C7F306600937593 /* iconfont-androidstopwatch.png in Resources */ = {isa = PBXBuildFile; fileRef = 542ADB4D1C7F306600937593 /* iconfont-androidstopwatch.png */; };
		542ADB501C7FEF5600937593 /* shangchuan.png in Resources */ = {isa = PBXBuildFile; fileRef = 542ADB4F1C7FEF5600937593 /* shangchuan.png */; };
		5454DCC71C571B3C00B96CCD /* TrackLoggingViewController.m in Sources */ = {isa = PBXBuildFile; fileRef = 5454DCC41C571B3C00B96CCD /* TrackLoggingViewController.m */; };
		5454DCC81C571B3C00B96CCD /* TrackNaviController.m in Sources */ = {isa = PBXBuildFile; fileRef = 5454DCC61C571B3C00B96CCD /* TrackNaviController.m */; };
		5454DCCD1C571B5700B96CCD /* MapGPSLocation.m in Sources */ = {isa = PBXBuildFile; fileRef = 5454DCCA1C571B5700B96CCD /* MapGPSLocation.m */; };
		5454DCCE1C571B5700B96CCD /* MovementInfo.m in Sources */ = {isa = PBXBuildFile; fileRef = 5454DCCC1C571B5700B96CCD /* MovementInfo.m */; };
		5454DCD31C571B6000B96CCD /* MapView.m in Sources */ = {isa = PBXBuildFile; fileRef = 5454DCD01C571B6000B96CCD /* MapView.m */; };
		5454DCD41C571B6000B96CCD /* SportInfoView.m in Sources */ = {isa = PBXBuildFile; fileRef = 5454DCD21C571B6000B96CCD /* SportInfoView.m */; };
		5454DCDB1C571C5700B96CCD /* GCDMulticastDelegate.m in Sources */ = {isa = PBXBuildFile; fileRef = 5454DCD71C571C5700B96CCD /* GCDMulticastDelegate.m */; };
		5454DCDC1C571C5700B96CCD /* KKNavigationController.m in Sources */ = {isa = PBXBuildFile; fileRef = 5454DCDA1C571C5700B96CCD /* KKNavigationController.m */; };
		5454DCE81C571E5F00B96CCD /* dingwei.png in Resources */ = {isa = PBXBuildFile; fileRef = 5454DCDD1C571E5F00B96CCD /* dingwei.png */; };
		5454DCE91C571E5F00B96CCD /* jiantou.png in Resources */ = {isa = PBXBuildFile; fileRef = 5454DCDE1C571E5F00B96CCD /* jiantou.png */; };
		5454DCEA1C571E5F00B96CCD /* location.png in Resources */ = {isa = PBXBuildFile; fileRef = 5454DCDF1C571E5F00B96CCD /* location.png */; };
		5454DCEB1C571E5F00B96CCD /* mapBook.png in Resources */ = {isa = PBXBuildFile; fileRef = 5454DCE01C571E5F00B96CCD /* mapBook.png */; };
		5454DCEC1C571E5F00B96CCD /* mapShare.png in Resources */ = {isa = PBXBuildFile; fileRef = 5454DCE11C571E5F00B96CCD /* mapShare.png */; };
		5454DCED1C571E5F00B96CCD /* ride_selected.png in Resources */ = {isa = PBXBuildFile; fileRef = 5454DCE21C571E5F00B96CCD /* ride_selected.png */; };
		5454DCEE1C571E5F00B96CCD /* ride.png in Resources */ = {isa = PBXBuildFile; fileRef = 5454DCE31C571E5F00B96CCD /* ride.png */; };
		5454DCEF1C571E5F00B96CCD /* run_selected.png in Resources */ = {isa = PBXBuildFile; fileRef = 5454DCE41C571E5F00B96CCD /* run_selected.png */; };
		5454DCF01C571E5F00B96CCD /* run.png in Resources */ = {isa = PBXBuildFile; fileRef = 5454DCE51C571E5F00B96CCD /* run.png */; };
		5454DCF11C571E5F00B96CCD /* walk_selected.png in Resources */ = {isa = PBXBuildFile; fileRef = 5454DCE61C571E5F00B96CCD /* walk_selected.png */; };
		5454DCF21C571E5F00B96CCD /* walk.png in Resources */ = {isa = PBXBuildFile; fileRef = 5454DCE71C571E5F00B96CCD /* walk.png */; };
		5454DCF41C579B6400B96CCD /* tuodong.png in Resources */ = {isa = PBXBuildFile; fileRef = 5454DCF31C579B6400B96CCD /* tuodong.png */; };
		5498EC6F1C48CE2400A7D99E /* main.m in Sources */ = {isa = PBXBuildFile; fileRef = 5498EC6E1C48CE2400A7D99E /* main.m */; };
		5498EC781C48CE2400A7D99E /* Main.storyboard in Resources */ = {isa = PBXBuildFile; fileRef = 5498EC761C48CE2400A7D99E /* Main.storyboard */; };
		5498EC7A1C48CE2400A7D99E /* Assets.xcassets in Resources */ = {isa = PBXBuildFile; fileRef = 5498EC791C48CE2400A7D99E /* Assets.xcassets */; };
		5498EC7D1C48CE2400A7D99E /* LaunchScreen.storyboard in Resources */ = {isa = PBXBuildFile; fileRef = 5498EC7B1C48CE2400A7D99E /* LaunchScreen.storyboard */; };
		5498EC961C48D27B00A7D99E /* DisplayViewController.m in Sources */ = {isa = PBXBuildFile; fileRef = 5498EC951C48D27B00A7D99E /* DisplayViewController.m */; };
		5498EC9F1C48D4C900A7D99E /* ShareViewController.m in Sources */ = {isa = PBXBuildFile; fileRef = 5498EC9E1C48D4C900A7D99E /* ShareViewController.m */; };
		5498ECA21C48D4F400A7D99E /* FriendsViewController.m in Sources */ = {isa = PBXBuildFile; fileRef = 5498ECA11C48D4F400A7D99E /* FriendsViewController.m */; };
		54AA2BAA1C5860C200582C30 /* PinyinChange.m in Sources */ = {isa = PBXBuildFile; fileRef = 54AA2BA91C5860C200582C30 /* PinyinChange.m */; };
		54B3AF981C4DD3BB00D79478 /* PointWithDistanceAnnView.m in Sources */ = {isa = PBXBuildFile; fileRef = 54B3AF971C4DD3BB00D79478 /* PointWithDistanceAnnView.m */; };
		54B3AF9B1C4DD51900D79478 /* PointWithDistanceAnn.m in Sources */ = {isa = PBXBuildFile; fileRef = 54B3AF9A1C4DD51900D79478 /* PointWithDistanceAnn.m */; };
		54B3AFA41C4E256500D79478 /* DistanceCalloutView.m in Sources */ = {isa = PBXBuildFile; fileRef = 54B3AFA11C4E256500D79478 /* DistanceCalloutView.m */; };
		54B3AFA81C4E268000D79478 /* MapMoveInfoView.m in Sources */ = {isa = PBXBuildFile; fileRef = 54B3AFA71C4E268000D79478 /* MapMoveInfoView.m */; };
		54BE0A6E1C5C522A008D1A6C /* Entity.m in Sources */ = {isa = PBXBuildFile; fileRef = 54BE0A671C5C522A008D1A6C /* Entity.m */; };
		54BE0A6F1C5C522A008D1A6C /* Entity+CoreDataProperties.m in Sources */ = {isa = PBXBuildFile; fileRef = 54BE0A691C5C522A008D1A6C /* Entity+CoreDataProperties.m */; };
		54BE0A701C5C522A008D1A6C /* MICodeData.xcdatamodeld in Sources */ = {isa = PBXBuildFile; fileRef = 54BE0A6A1C5C522A008D1A6C /* MICodeData.xcdatamodeld */; };
		54BE0A711C5C522A008D1A6C /* XLCodeDataTools.m in Sources */ = {isa = PBXBuildFile; fileRef = 54BE0A6D1C5C522A008D1A6C /* XLCodeDataTools.m */; };
		54BE0A741C5C6980008D1A6C /* CordDataInfo.m in Sources */ = {isa = PBXBuildFile; fileRef = 54BE0A731C5C6980008D1A6C /* CordDataInfo.m */; };
		54D26B261C4C8CD2001D20D9 /* altitude_selected.png in Resources */ = {isa = PBXBuildFile; fileRef = 54D26B241C4C8CD2001D20D9 /* altitude_selected.png */; };
		54D26B271C4C8CD2001D20D9 /* altitude.png in Resources */ = {isa = PBXBuildFile; fileRef = 54D26B251C4C8CD2001D20D9 /* altitude.png */; };
		54D26B2D1C4CD6E1001D20D9 /* distance_selected.png in Resources */ = {isa = PBXBuildFile; fileRef = 54D26B2B1C4CD6E1001D20D9 /* distance_selected.png */; };
		54D26B2E1C4CD6E1001D20D9 /* distance.png in Resources */ = {isa = PBXBuildFile; fileRef = 54D26B2C1C4CD6E1001D20D9 /* distance.png */; };
		54D26B331C4CDA12001D20D9 /* point.png in Resources */ = {isa = PBXBuildFile; fileRef = 54D26B321C4CDA12001D20D9 /* point.png */; };
		54FF9E971C8037E800E57B08 /* xiazai.png in Resources */ = {isa = PBXBuildFile; fileRef = 54FF9E961C8037E800E57B08 /* xiazai.png */; };
		7C835AF59DDEBCA136F22534 /* libPods.a in Frameworks */ = {isa = PBXBuildFile; fileRef = 40ADB28BE06A8DAB820CF0BA /* libPods.a */; };
		C2034DCD1C49CC9900202881 /* AppDelegate.m in Sources */ = {isa = PBXBuildFile; fileRef = C2034DCC1C49CC9900202881 /* AppDelegate.m */; };
		C2034DD11C49CD6100202881 /* YYUserModel.m in Sources */ = {isa = PBXBuildFile; fileRef = C2034DD01C49CD6100202881 /* YYUserModel.m */; };
		C2034DD41C49D1B400202881 /* LeancoudTools.m in Sources */ = {isa = PBXBuildFile; fileRef = C2034DD31C49D1B400202881 /* LeancoudTools.m */; };
		C204BC051C4F1A5B0085BE48 /* User.storyboard in Resources */ = {isa = PBXBuildFile; fileRef = C204BC041C4F1A5B0085BE48 /* User.storyboard */; };
		C204BC081C4F2FCB0085BE48 /* UserViewController.m in Sources */ = {isa = PBXBuildFile; fileRef = C204BC071C4F2FCB0085BE48 /* UserViewController.m */; };
		C204BC0B1C4F33D60085BE48 /* LoginViewController.m in Sources */ = {isa = PBXBuildFile; fileRef = C204BC0A1C4F33D60085BE48 /* LoginViewController.m */; };
		C204BC101C4F73DB0085BE48 /* iconfont-yonghu.png in Resources */ = {isa = PBXBuildFile; fileRef = C204BC0F1C4F73DB0085BE48 /* iconfont-yonghu.png */; };
		C204BC121C4F74AF0085BE48 /* iconfont-mima.png in Resources */ = {isa = PBXBuildFile; fileRef = C204BC111C4F74AF0085BE48 /* iconfont-mima.png */; };
		C204BC161C4FA1B70085BE48 /* iconfont-quedinggouxuanxuanxiang.png in Resources */ = {isa = PBXBuildFile; fileRef = C204BC141C4FA1B70085BE48 /* iconfont-quedinggouxuanxuanxiang.png */; };
		C204BC181C4FA3DF0085BE48 /* iconfont-yansebiankuang.png in Resources */ = {isa = PBXBuildFile; fileRef = C204BC171C4FA3DF0085BE48 /* iconfont-yansebiankuang.png */; };
		C204BC1B1C4FA4620085BE48 /* RegisterViewController.m in Sources */ = {isa = PBXBuildFile; fileRef = C204BC1A1C4FA4620085BE48 /* RegisterViewController.m */; };
		C21876BA1C5708BD009D428B /* AddTableViewController.m in Sources */ = {isa = PBXBuildFile; fileRef = C21876B01C5708BD009D428B /* AddTableViewController.m */; };
		C21876BB1C5708BD009D428B /* SettingViewController.m in Sources */ = {isa = PBXBuildFile; fileRef = C21876B31C5708BD009D428B /* SettingViewController.m */; };
		C21876BD1C5708BD009D428B /* YDWeatherViewController.m in Sources */ = {isa = PBXBuildFile; fileRef = C21876B71C5708BD009D428B /* YDWeatherViewController.m */; };
		C21876BE1C5708BD009D428B /* YDWMViewController.m in Sources */ = {isa = PBXBuildFile; fileRef = C21876B91C5708BD009D428B /* YDWMViewController.m */; };
		C21876C31C570A9A009D428B /* WeatherCollectionViewCell.m in Sources */ = {isa = PBXBuildFile; fileRef = C21876C11C570A9A009D428B /* WeatherCollectionViewCell.m */; };
		C21876C41C570A9A009D428B /* WeatherCollectionViewCell.xib in Resources */ = {isa = PBXBuildFile; fileRef = C21876C21C570A9A009D428B /* WeatherCollectionViewCell.xib */; };
		C21876CE1C570B08009D428B /* JianfeiTableViewController.m in Sources */ = {isa = PBXBuildFile; fileRef = C21876C71C570B08009D428B /* JianfeiTableViewController.m */; };
		C21876CF1C570B08009D428B /* NanxingTableViewController.m in Sources */ = {isa = PBXBuildFile; fileRef = C21876C91C570B08009D428B /* NanxingTableViewController.m */; };
		C21876D01C570B08009D428B /* SecretTableViewController.m in Sources */ = {isa = PBXBuildFile; fileRef = C21876CB1C570B08009D428B /* SecretTableViewController.m */; };
		C21876D11C570B08009D428B /* WomenTableViewController.m in Sources */ = {isa = PBXBuildFile; fileRef = C21876CD1C570B08009D428B /* WomenTableViewController.m */; };
		C21876D81C570C05009D428B /* DogModel.m in Sources */ = {isa = PBXBuildFile; fileRef = C21876D41C570C05009D428B /* DogModel.m */; };
		C21876D91C570C05009D428B /* YDWeatherModel.m in Sources */ = {isa = PBXBuildFile; fileRef = C21876D71C570C05009D428B /* YDWeatherModel.m */; };
		C21876DC1C570C62009D428B /* YDGetDataTools.m in Sources */ = {isa = PBXBuildFile; fileRef = C21876DB1C570C62009D428B /* YDGetDataTools.m */; };
		C21876E61C5758D4009D428B /* DetailViewController.m in Sources */ = {isa = PBXBuildFile; fileRef = C21876E41C5758D4009D428B /* DetailViewController.m */; };
		C21876E71C5758D4009D428B /* DetailViewController.xib in Resources */ = {isa = PBXBuildFile; fileRef = C21876E51C5758D4009D428B /* DetailViewController.xib */; };
		C21876EA1C5763C4009D428B /* DetailModel.m in Sources */ = {isa = PBXBuildFile; fileRef = C21876E91C5763C4009D428B /* DetailModel.m */; };
		C22D59A41C59AE580070AE96 /* GroupActivityViewController.m in Sources */ = {isa = PBXBuildFile; fileRef = C22D59A31C59AE580070AE96 /* GroupActivityViewController.m */; };
		C248CFD91C7EB234002776E5 /* iconfont-add.png in Resources */ = {isa = PBXBuildFile; fileRef = C248CFD81C7EB234002776E5 /* iconfont-add.png */; };
		C248D0001C7EECA7002776E5 /* UITextField+DatePicker.m in Sources */ = {isa = PBXBuildFile; fileRef = C248CFFF1C7EECA7002776E5 /* UITextField+DatePicker.m */; };
		C248D0041C7EF77A002776E5 /* CreatActivityViewController_1.m in Sources */ = {isa = PBXBuildFile; fileRef = C248D0021C7EF77A002776E5 /* CreatActivityViewController_1.m */; };
		C248D0051C7EF77A002776E5 /* CreatActivityViewController_1.xib in Resources */ = {isa = PBXBuildFile; fileRef = C248D0031C7EF77A002776E5 /* CreatActivityViewController_1.xib */; };
		C28EFD441C5AF3730099A8B6 /* UITableView+FDTemplateLayoutCell.m in Sources */ = {isa = PBXBuildFile; fileRef = C28EFD431C5AF3730099A8B6 /* UITableView+FDTemplateLayoutCell.m */; };
		C28EFD491C5AF39B0099A8B6 /* AddShareCollectionViewController.m in Sources */ = {isa = PBXBuildFile; fileRef = C28EFD461C5AF39B0099A8B6 /* AddShareCollectionViewController.m */; };
		C28EFD4A1C5AF39B0099A8B6 /* FootPrintTableViewController.m in Sources */ = {isa = PBXBuildFile; fileRef = C28EFD481C5AF39B0099A8B6 /* FootPrintTableViewController.m */; };
		C28EFD4F1C5AF3E50099A8B6 /* QFRootTableViewCell.m in Sources */ = {isa = PBXBuildFile; fileRef = C28EFD4D1C5AF3E50099A8B6 /* QFRootTableViewCell.m */; };
		C28EFD501C5AF3E50099A8B6 /* QFRootTableViewCell.xib in Resources */ = {isa = PBXBuildFile; fileRef = C28EFD4E1C5AF3E50099A8B6 /* QFRootTableViewCell.xib */; };
		C28EFD531C5AF5630099A8B6 /* iconfont-bianji.png in Resources */ = {isa = PBXBuildFile; fileRef = C28EFD511C5AF5630099A8B6 /* iconfont-bianji.png */; };
		C28EFD541C5AF5630099A8B6 /* iconfont-tianjia.png in Resources */ = {isa = PBXBuildFile; fileRef = C28EFD521C5AF5630099A8B6 /* iconfont-tianjia.png */; };
		C29EC1B41C7D966000155F14 /* default_avatar.png in Resources */ = {isa = PBXBuildFile; fileRef = C29EC1B31C7D966000155F14 /* default_avatar.png */; };
		C29EC1B81C7DAE0C00155F14 /* UserAllShareTableViewController.m in Sources */ = {isa = PBXBuildFile; fileRef = C29EC1B71C7DAE0C00155F14 /* UserAllShareTableViewController.m */; };
		C2A6B8A91C51CC0F006CF6BD /* UserInfoViewController.m in Sources */ = {isa = PBXBuildFile; fileRef = C2A6B8A71C51CC0F006CF6BD /* UserInfoViewController.m */; };
		C2A6B8AA1C51CC0F006CF6BD /* UserInfoViewController.xib in Resources */ = {isa = PBXBuildFile; fileRef = C2A6B8A81C51CC0F006CF6BD /* UserInfoViewController.xib */; };
		C2A6B8AD1C52029D006CF6BD /* FindPasswordVC_One.m in Sources */ = {isa = PBXBuildFile; fileRef = C2A6B8AC1C52029D006CF6BD /* FindPasswordVC_One.m */; };
		C2A6B8B01C5202AA006CF6BD /* FindPasswordVC_Tow.m in Sources */ = {isa = PBXBuildFile; fileRef = C2A6B8AF1C5202AA006CF6BD /* FindPasswordVC_Tow.m */; };
		C2A6B8DD1C525C8C006CF6BD /* FindPasswordVC__Three.m in Sources */ = {isa = PBXBuildFile; fileRef = C2A6B8DB1C525C8C006CF6BD /* FindPasswordVC__Three.m */; };
		C2A6B8DE1C525C8C006CF6BD /* FindPasswordVC__Three.xib in Resources */ = {isa = PBXBuildFile; fileRef = C2A6B8DC1C525C8C006CF6BD /* FindPasswordVC__Three.xib */; };
		C2C6CE211C507F3E004215E1 /* UIButton+CountDown.m in Sources */ = {isa = PBXBuildFile; fileRef = C2C6CE201C507F3E004215E1 /* UIButton+CountDown.m */; };
		C2E6CFDB1C7EB15A0019EDF9 /* UserAllAttentionTVC.m in Sources */ = {isa = PBXBuildFile; fileRef = C2E6CFDA1C7EB15A0019EDF9 /* UserAllAttentionTVC.m */; };
		C2E6CFE31C7ED4660019EDF9 /* UserAttentionCell.m in Sources */ = {isa = PBXBuildFile; fileRef = C2E6CFE11C7ED4660019EDF9 /* UserAttentionCell.m */; };
		C2E6CFE41C7ED4660019EDF9 /* UserAttentionCell.xib in Resources */ = {isa = PBXBuildFile; fileRef = C2E6CFE21C7ED4660019EDF9 /* UserAttentionCell.xib */; };
		C2E6CFE81C7EE5EF0019EDF9 /* AttentionDetailVC.m in Sources */ = {isa = PBXBuildFile; fileRef = C2E6CFE61C7EE5EF0019EDF9 /* AttentionDetailVC.m */; };
		C2E6CFE91C7EE5EF0019EDF9 /* AttentionDetailVC.xib in Resources */ = {isa = PBXBuildFile; fileRef = C2E6CFE71C7EE5EF0019EDF9 /* AttentionDetailVC.xib */; };
		C2E6CFEC1C7EEAE10019EDF9 /* iconfont-iconfontnan.png in Resources */ = {isa = PBXBuildFile; fileRef = C2E6CFEA1C7EEAE10019EDF9 /* iconfont-iconfontnan.png */; };
		C2E6CFED1C7EEAE10019EDF9 /* iconfont-nv.png in Resources */ = {isa = PBXBuildFile; fileRef = C2E6CFEB1C7EEAE10019EDF9 /* iconfont-nv.png */; };
		C2E6CFF11C7F02810019EDF9 /* iconfont-wenhao.png in Resources */ = {isa = PBXBuildFile; fileRef = C2E6CFF01C7F02810019EDF9 /* iconfont-wenhao.png */; };
		C2F74AB41C56678E00197D7D /* AvatarsourceType.m in Sources */ = {isa = PBXBuildFile; fileRef = C2F74AB21C56678E00197D7D /* AvatarsourceType.m */; };
		C2F74AB51C56678E00197D7D /* AvatarsourceType.xib in Resources */ = {isa = PBXBuildFile; fileRef = C2F74AB31C56678E00197D7D /* AvatarsourceType.xib */; };
/* End PBXBuildFile section */

/* Begin PBXFileReference section */
		40ADB28BE06A8DAB820CF0BA /* libPods.a */ = {isa = PBXFileReference; explicitFileType = archive.ar; includeInIndex = 0; path = libPods.a; sourceTree = BUILT_PRODUCTS_DIR; };
		540D98FD1C4A64380027EF2F /* daohang.png */ = {isa = PBXFileReference; lastKnownFileType = image.png; path = daohang.png; sourceTree = "<group>"; };
		540D98FE1C4A64380027EF2F /* daohang_selected.png */ = {isa = PBXFileReference; lastKnownFileType = image.png; path = daohang_selected.png; sourceTree = "<group>"; };
		540D98FF1C4A64380027EF2F /* group.png */ = {isa = PBXFileReference; lastKnownFileType = image.png; path = group.png; sourceTree = "<group>"; };
		540D99001C4A64380027EF2F /* group_select.png */ = {isa = PBXFileReference; lastKnownFileType = image.png; path = group_select.png; sourceTree = "<group>"; };
		540D99011C4A64380027EF2F /* haoyou-selected.png */ = {isa = PBXFileReference; lastKnownFileType = image.png; path = "haoyou-selected.png"; sourceTree = "<group>"; };
		540D99021C4A64380027EF2F /* haoyou.png */ = {isa = PBXFileReference; lastKnownFileType = image.png; path = haoyou.png; sourceTree = "<group>"; };
		540D99031C4A64380027EF2F /* jia.png */ = {isa = PBXFileReference; lastKnownFileType = image.png; path = jia.png; sourceTree = "<group>"; };
		540D99041C4A64380027EF2F /* jia_selected.png */ = {isa = PBXFileReference; lastKnownFileType = image.png; path = jia_selected.png; sourceTree = "<group>"; };
		540D99051C4A64380027EF2F /* jian.png */ = {isa = PBXFileReference; lastKnownFileType = image.png; path = jian.png; sourceTree = "<group>"; };
		540D99061C4A64380027EF2F /* jian_selected.png */ = {isa = PBXFileReference; lastKnownFileType = image.png; path = jian_selected.png; sourceTree = "<group>"; };
		540D99071C4A64380027EF2F /* news.png */ = {isa = PBXFileReference; lastKnownFileType = image.png; path = news.png; sourceTree = "<group>"; };
		540D99081C4A64380027EF2F /* news_selected.png */ = {isa = PBXFileReference; lastKnownFileType = image.png; path = news_selected.png; sourceTree = "<group>"; };
		540D99091C4A64380027EF2F /* person.png */ = {isa = PBXFileReference; lastKnownFileType = image.png; path = person.png; sourceTree = "<group>"; };
		540D990A1C4A64380027EF2F /* share.png */ = {isa = PBXFileReference; lastKnownFileType = image.png; path = share.png; sourceTree = "<group>"; };
		540D990B1C4A64380027EF2F /* share_selected.png */ = {isa = PBXFileReference; lastKnownFileType = image.png; path = share_selected.png; sourceTree = "<group>"; };
		540D990C1C4A64380027EF2F /* weixing.png */ = {isa = PBXFileReference; lastKnownFileType = image.png; path = weixing.png; sourceTree = "<group>"; };
		540D990D1C4A64380027EF2F /* weixing_selected.png */ = {isa = PBXFileReference; lastKnownFileType = image.png; path = weixing_selected.png; sourceTree = "<group>"; };
		542ADB121C7D57FE00937593 /* TrackwayTableViewController.h */ = {isa = PBXFileReference; fileEncoding = 4; lastKnownFileType = sourcecode.c.h; path = TrackwayTableViewController.h; sourceTree = "<group>"; };
		542ADB131C7D57FE00937593 /* TrackwayTableViewController.m */ = {isa = PBXFileReference; fileEncoding = 4; lastKnownFileType = sourcecode.c.objc; path = TrackwayTableViewController.m; sourceTree = "<group>"; };
		542ADB151C7D588900937593 /* TrackwayTableViewCell.h */ = {isa = PBXFileReference; fileEncoding = 4; lastKnownFileType = sourcecode.c.h; path = TrackwayTableViewCell.h; sourceTree = "<group>"; };
		542ADB161C7D588900937593 /* TrackwayTableViewCell.m */ = {isa = PBXFileReference; fileEncoding = 4; lastKnownFileType = sourcecode.c.objc; path = TrackwayTableViewCell.m; sourceTree = "<group>"; };
		542ADB171C7D588900937593 /* TrackwayTableViewCell.xib */ = {isa = PBXFileReference; fileEncoding = 4; lastKnownFileType = file.xib; path = TrackwayTableViewCell.xib; sourceTree = "<group>"; };
		542ADB1B1C7D5DBA00937593 /* speedometer.png */ = {isa = PBXFileReference; lastKnownFileType = image.png; path = speedometer.png; sourceTree = "<group>"; };
		542ADB1E1C7DD0B400937593 /* MapwayDetailsViewController.h */ = {isa = PBXFileReference; fileEncoding = 4; lastKnownFileType = sourcecode.c.h; path = MapwayDetailsViewController.h; sourceTree = "<group>"; };
		542ADB1F1C7DD0B400937593 /* MapwayDetailsViewController.m */ = {isa = PBXFileReference; fileEncoding = 4; lastKnownFileType = sourcecode.c.objc; path = MapwayDetailsViewController.m; sourceTree = "<group>"; };
		542ADB4D1C7F306600937593 /* iconfont-androidstopwatch.png */ = {isa = PBXFileReference; lastKnownFileType = image.png; path = "iconfont-androidstopwatch.png"; sourceTree = "<group>"; };
		542ADB4F1C7FEF5600937593 /* shangchuan.png */ = {isa = PBXFileReference; lastKnownFileType = image.png; path = shangchuan.png; sourceTree = "<group>"; };
		5454DCC31C571B3C00B96CCD /* TrackLoggingViewController.h */ = {isa = PBXFileReference; fileEncoding = 4; lastKnownFileType = sourcecode.c.h; path = TrackLoggingViewController.h; sourceTree = "<group>"; };
		5454DCC41C571B3C00B96CCD /* TrackLoggingViewController.m */ = {isa = PBXFileReference; fileEncoding = 4; lastKnownFileType = sourcecode.c.objc; path = TrackLoggingViewController.m; sourceTree = "<group>"; };
		5454DCC51C571B3C00B96CCD /* TrackNaviController.h */ = {isa = PBXFileReference; fileEncoding = 4; lastKnownFileType = sourcecode.c.h; path = TrackNaviController.h; sourceTree = "<group>"; };
		5454DCC61C571B3C00B96CCD /* TrackNaviController.m */ = {isa = PBXFileReference; fileEncoding = 4; lastKnownFileType = sourcecode.c.objc; path = TrackNaviController.m; sourceTree = "<group>"; };
		5454DCC91C571B5700B96CCD /* MapGPSLocation.h */ = {isa = PBXFileReference; fileEncoding = 4; lastKnownFileType = sourcecode.c.h; path = MapGPSLocation.h; sourceTree = "<group>"; };
		5454DCCA1C571B5700B96CCD /* MapGPSLocation.m */ = {isa = PBXFileReference; fileEncoding = 4; lastKnownFileType = sourcecode.c.objc; path = MapGPSLocation.m; sourceTree = "<group>"; };
		5454DCCB1C571B5700B96CCD /* MovementInfo.h */ = {isa = PBXFileReference; fileEncoding = 4; lastKnownFileType = sourcecode.c.h; path = MovementInfo.h; sourceTree = "<group>"; };
		5454DCCC1C571B5700B96CCD /* MovementInfo.m */ = {isa = PBXFileReference; fileEncoding = 4; lastKnownFileType = sourcecode.c.objc; path = MovementInfo.m; sourceTree = "<group>"; };
		5454DCCF1C571B6000B96CCD /* MapView.h */ = {isa = PBXFileReference; fileEncoding = 4; lastKnownFileType = sourcecode.c.h; path = MapView.h; sourceTree = "<group>"; };
		5454DCD01C571B6000B96CCD /* MapView.m */ = {isa = PBXFileReference; fileEncoding = 4; lastKnownFileType = sourcecode.c.objc; path = MapView.m; sourceTree = "<group>"; };
		5454DCD11C571B6000B96CCD /* SportInfoView.h */ = {isa = PBXFileReference; fileEncoding = 4; lastKnownFileType = sourcecode.c.h; path = SportInfoView.h; sourceTree = "<group>"; };
		5454DCD21C571B6000B96CCD /* SportInfoView.m */ = {isa = PBXFileReference; fileEncoding = 4; lastKnownFileType = sourcecode.c.objc; path = SportInfoView.m; sourceTree = "<group>"; };
		5454DCD61C571C5700B96CCD /* GCDMulticastDelegate.h */ = {isa = PBXFileReference; fileEncoding = 4; lastKnownFileType = sourcecode.c.h; path = GCDMulticastDelegate.h; sourceTree = "<group>"; };
		5454DCD71C571C5700B96CCD /* GCDMulticastDelegate.m */ = {isa = PBXFileReference; fileEncoding = 4; lastKnownFileType = sourcecode.c.objc; path = GCDMulticastDelegate.m; sourceTree = "<group>"; };
		5454DCD91C571C5700B96CCD /* KKNavigationController.h */ = {isa = PBXFileReference; fileEncoding = 4; lastKnownFileType = sourcecode.c.h; path = KKNavigationController.h; sourceTree = "<group>"; };
		5454DCDA1C571C5700B96CCD /* KKNavigationController.m */ = {isa = PBXFileReference; fileEncoding = 4; lastKnownFileType = sourcecode.c.objc; path = KKNavigationController.m; sourceTree = "<group>"; };
		5454DCDD1C571E5F00B96CCD /* dingwei.png */ = {isa = PBXFileReference; lastKnownFileType = image.png; path = dingwei.png; sourceTree = "<group>"; };
		5454DCDE1C571E5F00B96CCD /* jiantou.png */ = {isa = PBXFileReference; lastKnownFileType = image.png; path = jiantou.png; sourceTree = "<group>"; };
		5454DCDF1C571E5F00B96CCD /* location.png */ = {isa = PBXFileReference; lastKnownFileType = image.png; path = location.png; sourceTree = "<group>"; };
		5454DCE01C571E5F00B96CCD /* mapBook.png */ = {isa = PBXFileReference; lastKnownFileType = image.png; path = mapBook.png; sourceTree = "<group>"; };
		5454DCE11C571E5F00B96CCD /* mapShare.png */ = {isa = PBXFileReference; lastKnownFileType = image.png; path = mapShare.png; sourceTree = "<group>"; };
		5454DCE21C571E5F00B96CCD /* ride_selected.png */ = {isa = PBXFileReference; lastKnownFileType = image.png; path = ride_selected.png; sourceTree = "<group>"; };
		5454DCE31C571E5F00B96CCD /* ride.png */ = {isa = PBXFileReference; lastKnownFileType = image.png; path = ride.png; sourceTree = "<group>"; };
		5454DCE41C571E5F00B96CCD /* run_selected.png */ = {isa = PBXFileReference; lastKnownFileType = image.png; path = run_selected.png; sourceTree = "<group>"; };
		5454DCE51C571E5F00B96CCD /* run.png */ = {isa = PBXFileReference; lastKnownFileType = image.png; path = run.png; sourceTree = "<group>"; };
		5454DCE61C571E5F00B96CCD /* walk_selected.png */ = {isa = PBXFileReference; lastKnownFileType = image.png; path = walk_selected.png; sourceTree = "<group>"; };
		5454DCE71C571E5F00B96CCD /* walk.png */ = {isa = PBXFileReference; lastKnownFileType = image.png; path = walk.png; sourceTree = "<group>"; };
		5454DCF31C579B6400B96CCD /* tuodong.png */ = {isa = PBXFileReference; lastKnownFileType = image.png; path = tuodong.png; sourceTree = "<group>"; };
		5498EC6A1C48CE2400A7D99E /* teamWork.app */ = {isa = PBXFileReference; explicitFileType = wrapper.application; includeInIndex = 0; path = teamWork.app; sourceTree = BUILT_PRODUCTS_DIR; };
		5498EC6E1C48CE2400A7D99E /* main.m */ = {isa = PBXFileReference; lastKnownFileType = sourcecode.c.objc; path = main.m; sourceTree = "<group>"; };
		5498EC771C48CE2400A7D99E /* Base */ = {isa = PBXFileReference; lastKnownFileType = file.storyboard; name = Base; path = Base.lproj/Main.storyboard; sourceTree = "<group>"; };
		5498EC791C48CE2400A7D99E /* Assets.xcassets */ = {isa = PBXFileReference; lastKnownFileType = folder.assetcatalog; path = Assets.xcassets; sourceTree = "<group>"; };
		5498EC7C1C48CE2400A7D99E /* Base */ = {isa = PBXFileReference; lastKnownFileType = file.storyboard; name = Base; path = Base.lproj/LaunchScreen.storyboard; sourceTree = "<group>"; };
		5498EC7E1C48CE2400A7D99E /* Info.plist */ = {isa = PBXFileReference; lastKnownFileType = text.plist.xml; path = Info.plist; sourceTree = "<group>"; };
		5498EC8D1C48D0E700A7D99E /* APPHeader.h */ = {isa = PBXFileReference; fileEncoding = 4; lastKnownFileType = sourcecode.c.h; path = APPHeader.h; sourceTree = "<group>"; };
		5498EC8E1C48D0E700A7D99E /* KEYHeader.h */ = {isa = PBXFileReference; fileEncoding = 4; lastKnownFileType = sourcecode.c.h; path = KEYHeader.h; sourceTree = "<group>"; };
		5498EC8F1C48D0E700A7D99E /* THRHeader.h */ = {isa = PBXFileReference; fileEncoding = 4; lastKnownFileType = sourcecode.c.h; path = THRHeader.h; sourceTree = "<group>"; };
		5498EC901C48D0E700A7D99E /* URLHeader.h */ = {isa = PBXFileReference; fileEncoding = 4; lastKnownFileType = sourcecode.c.h; path = URLHeader.h; sourceTree = "<group>"; };
		5498EC931C48D10B00A7D99E /* teamWorkPCH.pch */ = {isa = PBXFileReference; lastKnownFileType = sourcecode.c.h; path = teamWorkPCH.pch; sourceTree = "<group>"; };
		5498EC941C48D27B00A7D99E /* DisplayViewController.h */ = {isa = PBXFileReference; fileEncoding = 4; lastKnownFileType = sourcecode.c.h; path = DisplayViewController.h; sourceTree = "<group>"; };
		5498EC951C48D27B00A7D99E /* DisplayViewController.m */ = {isa = PBXFileReference; fileEncoding = 4; lastKnownFileType = sourcecode.c.objc; path = DisplayViewController.m; sourceTree = "<group>"; };
		5498EC9D1C48D4C900A7D99E /* ShareViewController.h */ = {isa = PBXFileReference; fileEncoding = 4; lastKnownFileType = sourcecode.c.h; path = ShareViewController.h; sourceTree = "<group>"; };
		5498EC9E1C48D4C900A7D99E /* ShareViewController.m */ = {isa = PBXFileReference; fileEncoding = 4; lastKnownFileType = sourcecode.c.objc; path = ShareViewController.m; sourceTree = "<group>"; };
		5498ECA01C48D4F400A7D99E /* FriendsViewController.h */ = {isa = PBXFileReference; fileEncoding = 4; lastKnownFileType = sourcecode.c.h; path = FriendsViewController.h; sourceTree = "<group>"; };
		5498ECA11C48D4F400A7D99E /* FriendsViewController.m */ = {isa = PBXFileReference; fileEncoding = 4; lastKnownFileType = sourcecode.c.objc; path = FriendsViewController.m; sourceTree = "<group>"; };
		54AA2BA81C5860C200582C30 /* PinyinChange.h */ = {isa = PBXFileReference; fileEncoding = 4; lastKnownFileType = sourcecode.c.h; path = PinyinChange.h; sourceTree = "<group>"; };
		54AA2BA91C5860C200582C30 /* PinyinChange.m */ = {isa = PBXFileReference; fileEncoding = 4; lastKnownFileType = sourcecode.c.objc; path = PinyinChange.m; sourceTree = "<group>"; };
		54B3AF961C4DD3BB00D79478 /* PointWithDistanceAnnView.h */ = {isa = PBXFileReference; fileEncoding = 4; lastKnownFileType = sourcecode.c.h; path = PointWithDistanceAnnView.h; sourceTree = "<group>"; };
		54B3AF971C4DD3BB00D79478 /* PointWithDistanceAnnView.m */ = {isa = PBXFileReference; fileEncoding = 4; lastKnownFileType = sourcecode.c.objc; path = PointWithDistanceAnnView.m; sourceTree = "<group>"; };
		54B3AF991C4DD51900D79478 /* PointWithDistanceAnn.h */ = {isa = PBXFileReference; fileEncoding = 4; lastKnownFileType = sourcecode.c.h; path = PointWithDistanceAnn.h; sourceTree = "<group>"; };
		54B3AF9A1C4DD51900D79478 /* PointWithDistanceAnn.m */ = {isa = PBXFileReference; fileEncoding = 4; lastKnownFileType = sourcecode.c.objc; path = PointWithDistanceAnn.m; sourceTree = "<group>"; };
		54B3AFA01C4E256500D79478 /* DistanceCalloutView.h */ = {isa = PBXFileReference; fileEncoding = 4; lastKnownFileType = sourcecode.c.h; path = DistanceCalloutView.h; sourceTree = "<group>"; };
		54B3AFA11C4E256500D79478 /* DistanceCalloutView.m */ = {isa = PBXFileReference; fileEncoding = 4; lastKnownFileType = sourcecode.c.objc; path = DistanceCalloutView.m; sourceTree = "<group>"; };
		54B3AFA61C4E268000D79478 /* MapMoveInfoView.h */ = {isa = PBXFileReference; fileEncoding = 4; lastKnownFileType = sourcecode.c.h; path = MapMoveInfoView.h; sourceTree = "<group>"; };
		54B3AFA71C4E268000D79478 /* MapMoveInfoView.m */ = {isa = PBXFileReference; fileEncoding = 4; lastKnownFileType = sourcecode.c.objc; path = MapMoveInfoView.m; sourceTree = "<group>"; };
		54BE0A661C5C522A008D1A6C /* Entity.h */ = {isa = PBXFileReference; fileEncoding = 4; lastKnownFileType = sourcecode.c.h; path = Entity.h; sourceTree = "<group>"; };
		54BE0A671C5C522A008D1A6C /* Entity.m */ = {isa = PBXFileReference; fileEncoding = 4; lastKnownFileType = sourcecode.c.objc; path = Entity.m; sourceTree = "<group>"; };
		54BE0A681C5C522A008D1A6C /* Entity+CoreDataProperties.h */ = {isa = PBXFileReference; fileEncoding = 4; lastKnownFileType = sourcecode.c.h; path = "Entity+CoreDataProperties.h"; sourceTree = "<group>"; };
		54BE0A691C5C522A008D1A6C /* Entity+CoreDataProperties.m */ = {isa = PBXFileReference; fileEncoding = 4; lastKnownFileType = sourcecode.c.objc; path = "Entity+CoreDataProperties.m"; sourceTree = "<group>"; };
		54BE0A6B1C5C522A008D1A6C /* MICodeData.xcdatamodel */ = {isa = PBXFileReference; lastKnownFileType = wrapper.xcdatamodel; path = MICodeData.xcdatamodel; sourceTree = "<group>"; };
		54BE0A6C1C5C522A008D1A6C /* XLCodeDataTools.h */ = {isa = PBXFileReference; fileEncoding = 4; lastKnownFileType = sourcecode.c.h; path = XLCodeDataTools.h; sourceTree = "<group>"; };
		54BE0A6D1C5C522A008D1A6C /* XLCodeDataTools.m */ = {isa = PBXFileReference; fileEncoding = 4; lastKnownFileType = sourcecode.c.objc; path = XLCodeDataTools.m; sourceTree = "<group>"; };
		54BE0A721C5C6980008D1A6C /* CordDataInfo.h */ = {isa = PBXFileReference; fileEncoding = 4; lastKnownFileType = sourcecode.c.h; path = CordDataInfo.h; sourceTree = "<group>"; };
		54BE0A731C5C6980008D1A6C /* CordDataInfo.m */ = {isa = PBXFileReference; fileEncoding = 4; lastKnownFileType = sourcecode.c.objc; path = CordDataInfo.m; sourceTree = "<group>"; };
		54D26B241C4C8CD2001D20D9 /* altitude_selected.png */ = {isa = PBXFileReference; lastKnownFileType = image.png; path = altitude_selected.png; sourceTree = "<group>"; };
		54D26B251C4C8CD2001D20D9 /* altitude.png */ = {isa = PBXFileReference; lastKnownFileType = image.png; path = altitude.png; sourceTree = "<group>"; };
		54D26B2B1C4CD6E1001D20D9 /* distance_selected.png */ = {isa = PBXFileReference; lastKnownFileType = image.png; path = distance_selected.png; sourceTree = "<group>"; };
		54D26B2C1C4CD6E1001D20D9 /* distance.png */ = {isa = PBXFileReference; lastKnownFileType = image.png; path = distance.png; sourceTree = "<group>"; };
		54D26B321C4CDA12001D20D9 /* point.png */ = {isa = PBXFileReference; lastKnownFileType = image.png; path = point.png; sourceTree = "<group>"; };
		54FF9E961C8037E800E57B08 /* xiazai.png */ = {isa = PBXFileReference; lastKnownFileType = image.png; path = xiazai.png; sourceTree = "<group>"; };
		8548A76332434B8AF27C174A /* Pods.release.xcconfig */ = {isa = PBXFileReference; includeInIndex = 1; lastKnownFileType = text.xcconfig; name = Pods.release.xcconfig; path = "Pods/Target Support Files/Pods/Pods.release.xcconfig"; sourceTree = "<group>"; };
		A4FD56D4368DF51162DA0C2E /* Pods.debug.xcconfig */ = {isa = PBXFileReference; includeInIndex = 1; lastKnownFileType = text.xcconfig; name = Pods.debug.xcconfig; path = "Pods/Target Support Files/Pods/Pods.debug.xcconfig"; sourceTree = "<group>"; };
		C2034DCB1C49CC9900202881 /* AppDelegate.h */ = {isa = PBXFileReference; fileEncoding = 4; lastKnownFileType = sourcecode.c.h; path = AppDelegate.h; sourceTree = "<group>"; };
		C2034DCC1C49CC9900202881 /* AppDelegate.m */ = {isa = PBXFileReference; fileEncoding = 4; lastKnownFileType = sourcecode.c.objc; path = AppDelegate.m; sourceTree = "<group>"; };
		C2034DCF1C49CD6100202881 /* YYUserModel.h */ = {isa = PBXFileReference; fileEncoding = 4; lastKnownFileType = sourcecode.c.h; path = YYUserModel.h; sourceTree = "<group>"; };
		C2034DD01C49CD6100202881 /* YYUserModel.m */ = {isa = PBXFileReference; fileEncoding = 4; lastKnownFileType = sourcecode.c.objc; path = YYUserModel.m; sourceTree = "<group>"; };
		C2034DD21C49D1B400202881 /* LeancoudTools.h */ = {isa = PBXFileReference; fileEncoding = 4; lastKnownFileType = sourcecode.c.h; path = LeancoudTools.h; sourceTree = "<group>"; };
		C2034DD31C49D1B400202881 /* LeancoudTools.m */ = {isa = PBXFileReference; fileEncoding = 4; lastKnownFileType = sourcecode.c.objc; path = LeancoudTools.m; sourceTree = "<group>"; };
		C204BC041C4F1A5B0085BE48 /* User.storyboard */ = {isa = PBXFileReference; fileEncoding = 4; lastKnownFileType = file.storyboard; path = User.storyboard; sourceTree = "<group>"; };
		C204BC061C4F2FCB0085BE48 /* UserViewController.h */ = {isa = PBXFileReference; fileEncoding = 4; lastKnownFileType = sourcecode.c.h; path = UserViewController.h; sourceTree = "<group>"; };
		C204BC071C4F2FCB0085BE48 /* UserViewController.m */ = {isa = PBXFileReference; fileEncoding = 4; lastKnownFileType = sourcecode.c.objc; path = UserViewController.m; sourceTree = "<group>"; };
		C204BC091C4F33D60085BE48 /* LoginViewController.h */ = {isa = PBXFileReference; fileEncoding = 4; lastKnownFileType = sourcecode.c.h; path = LoginViewController.h; sourceTree = "<group>"; };
		C204BC0A1C4F33D60085BE48 /* LoginViewController.m */ = {isa = PBXFileReference; fileEncoding = 4; lastKnownFileType = sourcecode.c.objc; path = LoginViewController.m; sourceTree = "<group>"; };
		C204BC0F1C4F73DB0085BE48 /* iconfont-yonghu.png */ = {isa = PBXFileReference; lastKnownFileType = image.png; path = "iconfont-yonghu.png"; sourceTree = "<group>"; };
		C204BC111C4F74AF0085BE48 /* iconfont-mima.png */ = {isa = PBXFileReference; lastKnownFileType = image.png; path = "iconfont-mima.png"; sourceTree = "<group>"; };
		C204BC141C4FA1B70085BE48 /* iconfont-quedinggouxuanxuanxiang.png */ = {isa = PBXFileReference; lastKnownFileType = image.png; path = "iconfont-quedinggouxuanxuanxiang.png"; sourceTree = "<group>"; };
		C204BC171C4FA3DF0085BE48 /* iconfont-yansebiankuang.png */ = {isa = PBXFileReference; lastKnownFileType = image.png; path = "iconfont-yansebiankuang.png"; sourceTree = "<group>"; };
		C204BC191C4FA4610085BE48 /* RegisterViewController.h */ = {isa = PBXFileReference; fileEncoding = 4; lastKnownFileType = sourcecode.c.h; path = RegisterViewController.h; sourceTree = "<group>"; };
		C204BC1A1C4FA4620085BE48 /* RegisterViewController.m */ = {isa = PBXFileReference; fileEncoding = 4; lastKnownFileType = sourcecode.c.objc; path = RegisterViewController.m; sourceTree = "<group>"; };
		C21876AF1C5708BD009D428B /* AddTableViewController.h */ = {isa = PBXFileReference; fileEncoding = 4; lastKnownFileType = sourcecode.c.h; path = AddTableViewController.h; sourceTree = "<group>"; };
		C21876B01C5708BD009D428B /* AddTableViewController.m */ = {isa = PBXFileReference; fileEncoding = 4; lastKnownFileType = sourcecode.c.objc; path = AddTableViewController.m; sourceTree = "<group>"; };
		C21876B21C5708BD009D428B /* SettingViewController.h */ = {isa = PBXFileReference; fileEncoding = 4; lastKnownFileType = sourcecode.c.h; path = SettingViewController.h; sourceTree = "<group>"; };
		C21876B31C5708BD009D428B /* SettingViewController.m */ = {isa = PBXFileReference; fileEncoding = 4; lastKnownFileType = sourcecode.c.objc; path = SettingViewController.m; sourceTree = "<group>"; };
		C21876B61C5708BD009D428B /* YDWeatherViewController.h */ = {isa = PBXFileReference; fileEncoding = 4; lastKnownFileType = sourcecode.c.h; path = YDWeatherViewController.h; sourceTree = "<group>"; };
		C21876B71C5708BD009D428B /* YDWeatherViewController.m */ = {isa = PBXFileReference; fileEncoding = 4; lastKnownFileType = sourcecode.c.objc; path = YDWeatherViewController.m; sourceTree = "<group>"; };
		C21876B81C5708BD009D428B /* YDWMViewController.h */ = {isa = PBXFileReference; fileEncoding = 4; lastKnownFileType = sourcecode.c.h; path = YDWMViewController.h; sourceTree = "<group>"; };
		C21876B91C5708BD009D428B /* YDWMViewController.m */ = {isa = PBXFileReference; fileEncoding = 4; lastKnownFileType = sourcecode.c.objc; path = YDWMViewController.m; sourceTree = "<group>"; };
		C21876C01C570A9A009D428B /* WeatherCollectionViewCell.h */ = {isa = PBXFileReference; fileEncoding = 4; lastKnownFileType = sourcecode.c.h; path = WeatherCollectionViewCell.h; sourceTree = "<group>"; };
		C21876C11C570A9A009D428B /* WeatherCollectionViewCell.m */ = {isa = PBXFileReference; fileEncoding = 4; lastKnownFileType = sourcecode.c.objc; path = WeatherCollectionViewCell.m; sourceTree = "<group>"; };
		C21876C21C570A9A009D428B /* WeatherCollectionViewCell.xib */ = {isa = PBXFileReference; fileEncoding = 4; lastKnownFileType = file.xib; path = WeatherCollectionViewCell.xib; sourceTree = "<group>"; };
		C21876C61C570B08009D428B /* JianfeiTableViewController.h */ = {isa = PBXFileReference; fileEncoding = 4; lastKnownFileType = sourcecode.c.h; path = JianfeiTableViewController.h; sourceTree = "<group>"; };
		C21876C71C570B08009D428B /* JianfeiTableViewController.m */ = {isa = PBXFileReference; fileEncoding = 4; lastKnownFileType = sourcecode.c.objc; path = JianfeiTableViewController.m; sourceTree = "<group>"; };
		C21876C81C570B08009D428B /* NanxingTableViewController.h */ = {isa = PBXFileReference; fileEncoding = 4; lastKnownFileType = sourcecode.c.h; path = NanxingTableViewController.h; sourceTree = "<group>"; };
		C21876C91C570B08009D428B /* NanxingTableViewController.m */ = {isa = PBXFileReference; fileEncoding = 4; lastKnownFileType = sourcecode.c.objc; path = NanxingTableViewController.m; sourceTree = "<group>"; };
		C21876CA1C570B08009D428B /* SecretTableViewController.h */ = {isa = PBXFileReference; fileEncoding = 4; lastKnownFileType = sourcecode.c.h; path = SecretTableViewController.h; sourceTree = "<group>"; };
		C21876CB1C570B08009D428B /* SecretTableViewController.m */ = {isa = PBXFileReference; fileEncoding = 4; lastKnownFileType = sourcecode.c.objc; path = SecretTableViewController.m; sourceTree = "<group>"; };
		C21876CC1C570B08009D428B /* WomenTableViewController.h */ = {isa = PBXFileReference; fileEncoding = 4; lastKnownFileType = sourcecode.c.h; path = WomenTableViewController.h; sourceTree = "<group>"; };
		C21876CD1C570B08009D428B /* WomenTableViewController.m */ = {isa = PBXFileReference; fileEncoding = 4; lastKnownFileType = sourcecode.c.objc; path = WomenTableViewController.m; sourceTree = "<group>"; };
		C21876D31C570C05009D428B /* DogModel.h */ = {isa = PBXFileReference; fileEncoding = 4; lastKnownFileType = sourcecode.c.h; path = DogModel.h; sourceTree = "<group>"; };
		C21876D41C570C05009D428B /* DogModel.m */ = {isa = PBXFileReference; fileEncoding = 4; lastKnownFileType = sourcecode.c.objc; path = DogModel.m; sourceTree = "<group>"; };
		C21876D61C570C05009D428B /* YDWeatherModel.h */ = {isa = PBXFileReference; fileEncoding = 4; lastKnownFileType = sourcecode.c.h; path = YDWeatherModel.h; sourceTree = "<group>"; };
		C21876D71C570C05009D428B /* YDWeatherModel.m */ = {isa = PBXFileReference; fileEncoding = 4; lastKnownFileType = sourcecode.c.objc; path = YDWeatherModel.m; sourceTree = "<group>"; };
		C21876DA1C570C62009D428B /* YDGetDataTools.h */ = {isa = PBXFileReference; fileEncoding = 4; lastKnownFileType = sourcecode.c.h; path = YDGetDataTools.h; sourceTree = "<group>"; };
		C21876DB1C570C62009D428B /* YDGetDataTools.m */ = {isa = PBXFileReference; fileEncoding = 4; lastKnownFileType = sourcecode.c.objc; path = YDGetDataTools.m; sourceTree = "<group>"; };
		C21876E31C5758D4009D428B /* DetailViewController.h */ = {isa = PBXFileReference; fileEncoding = 4; lastKnownFileType = sourcecode.c.h; path = DetailViewController.h; sourceTree = "<group>"; };
		C21876E41C5758D4009D428B /* DetailViewController.m */ = {isa = PBXFileReference; fileEncoding = 4; lastKnownFileType = sourcecode.c.objc; path = DetailViewController.m; sourceTree = "<group>"; };
		C21876E51C5758D4009D428B /* DetailViewController.xib */ = {isa = PBXFileReference; fileEncoding = 4; lastKnownFileType = file.xib; path = DetailViewController.xib; sourceTree = "<group>"; };
		C21876E81C5763C4009D428B /* DetailModel.h */ = {isa = PBXFileReference; fileEncoding = 4; lastKnownFileType = sourcecode.c.h; path = DetailModel.h; sourceTree = "<group>"; };
		C21876E91C5763C4009D428B /* DetailModel.m */ = {isa = PBXFileReference; fileEncoding = 4; lastKnownFileType = sourcecode.c.objc; path = DetailModel.m; sourceTree = "<group>"; };
		C22D59A21C59AE580070AE96 /* GroupActivityViewController.h */ = {isa = PBXFileReference; fileEncoding = 4; lastKnownFileType = sourcecode.c.h; path = GroupActivityViewController.h; sourceTree = "<group>"; };
		C22D59A31C59AE580070AE96 /* GroupActivityViewController.m */ = {isa = PBXFileReference; fileEncoding = 4; lastKnownFileType = sourcecode.c.objc; path = GroupActivityViewController.m; sourceTree = "<group>"; };
		C248CFD81C7EB234002776E5 /* iconfont-add.png */ = {isa = PBXFileReference; lastKnownFileType = image.png; path = "iconfont-add.png"; sourceTree = "<group>"; };
		C248CFFE1C7EECA7002776E5 /* UITextField+DatePicker.h */ = {isa = PBXFileReference; fileEncoding = 4; lastKnownFileType = sourcecode.c.h; path = "UITextField+DatePicker.h"; sourceTree = "<group>"; };
		C248CFFF1C7EECA7002776E5 /* UITextField+DatePicker.m */ = {isa = PBXFileReference; fileEncoding = 4; lastKnownFileType = sourcecode.c.objc; path = "UITextField+DatePicker.m"; sourceTree = "<group>"; };
		C248D0011C7EF77A002776E5 /* CreatActivityViewController_1.h */ = {isa = PBXFileReference; fileEncoding = 4; lastKnownFileType = sourcecode.c.h; path = CreatActivityViewController_1.h; sourceTree = "<group>"; };
		C248D0021C7EF77A002776E5 /* CreatActivityViewController_1.m */ = {isa = PBXFileReference; fileEncoding = 4; lastKnownFileType = sourcecode.c.objc; path = CreatActivityViewController_1.m; sourceTree = "<group>"; };
		C248D0031C7EF77A002776E5 /* CreatActivityViewController_1.xib */ = {isa = PBXFileReference; fileEncoding = 4; lastKnownFileType = file.xib; path = CreatActivityViewController_1.xib; sourceTree = "<group>"; };
		C28EFD421C5AF3730099A8B6 /* UITableView+FDTemplateLayoutCell.h */ = {isa = PBXFileReference; fileEncoding = 4; lastKnownFileType = sourcecode.c.h; path = "UITableView+FDTemplateLayoutCell.h"; sourceTree = "<group>"; };
		C28EFD431C5AF3730099A8B6 /* UITableView+FDTemplateLayoutCell.m */ = {isa = PBXFileReference; fileEncoding = 4; lastKnownFileType = sourcecode.c.objc; path = "UITableView+FDTemplateLayoutCell.m"; sourceTree = "<group>"; };
		C28EFD451C5AF39B0099A8B6 /* AddShareCollectionViewController.h */ = {isa = PBXFileReference; fileEncoding = 4; lastKnownFileType = sourcecode.c.h; path = AddShareCollectionViewController.h; sourceTree = "<group>"; };
		C28EFD461C5AF39B0099A8B6 /* AddShareCollectionViewController.m */ = {isa = PBXFileReference; fileEncoding = 4; lastKnownFileType = sourcecode.c.objc; path = AddShareCollectionViewController.m; sourceTree = "<group>"; };
		C28EFD471C5AF39B0099A8B6 /* FootPrintTableViewController.h */ = {isa = PBXFileReference; fileEncoding = 4; lastKnownFileType = sourcecode.c.h; path = FootPrintTableViewController.h; sourceTree = "<group>"; };
		C28EFD481C5AF39B0099A8B6 /* FootPrintTableViewController.m */ = {isa = PBXFileReference; fileEncoding = 4; lastKnownFileType = sourcecode.c.objc; path = FootPrintTableViewController.m; sourceTree = "<group>"; };
		C28EFD4C1C5AF3E50099A8B6 /* QFRootTableViewCell.h */ = {isa = PBXFileReference; fileEncoding = 4; lastKnownFileType = sourcecode.c.h; path = QFRootTableViewCell.h; sourceTree = "<group>"; };
		C28EFD4D1C5AF3E50099A8B6 /* QFRootTableViewCell.m */ = {isa = PBXFileReference; fileEncoding = 4; lastKnownFileType = sourcecode.c.objc; path = QFRootTableViewCell.m; sourceTree = "<group>"; };
		C28EFD4E1C5AF3E50099A8B6 /* QFRootTableViewCell.xib */ = {isa = PBXFileReference; fileEncoding = 4; lastKnownFileType = file.xib; path = QFRootTableViewCell.xib; sourceTree = "<group>"; };
		C28EFD511C5AF5630099A8B6 /* iconfont-bianji.png */ = {isa = PBXFileReference; lastKnownFileType = image.png; path = "iconfont-bianji.png"; sourceTree = "<group>"; };
		C28EFD521C5AF5630099A8B6 /* iconfont-tianjia.png */ = {isa = PBXFileReference; lastKnownFileType = image.png; path = "iconfont-tianjia.png"; sourceTree = "<group>"; };
		C29EC1B31C7D966000155F14 /* default_avatar.png */ = {isa = PBXFileReference; lastKnownFileType = image.png; path = default_avatar.png; sourceTree = "<group>"; };
		C29EC1B61C7DAE0C00155F14 /* UserAllShareTableViewController.h */ = {isa = PBXFileReference; fileEncoding = 4; lastKnownFileType = sourcecode.c.h; path = UserAllShareTableViewController.h; sourceTree = "<group>"; };
		C29EC1B71C7DAE0C00155F14 /* UserAllShareTableViewController.m */ = {isa = PBXFileReference; fileEncoding = 4; lastKnownFileType = sourcecode.c.objc; path = UserAllShareTableViewController.m; sourceTree = "<group>"; };
		C2A6B8A61C51CC0F006CF6BD /* UserInfoViewController.h */ = {isa = PBXFileReference; fileEncoding = 4; lastKnownFileType = sourcecode.c.h; path = UserInfoViewController.h; sourceTree = "<group>"; };
		C2A6B8A71C51CC0F006CF6BD /* UserInfoViewController.m */ = {isa = PBXFileReference; fileEncoding = 4; lastKnownFileType = sourcecode.c.objc; path = UserInfoViewController.m; sourceTree = "<group>"; };
		C2A6B8A81C51CC0F006CF6BD /* UserInfoViewController.xib */ = {isa = PBXFileReference; fileEncoding = 4; lastKnownFileType = file.xib; path = UserInfoViewController.xib; sourceTree = "<group>"; };
		C2A6B8AB1C52029D006CF6BD /* FindPasswordVC_One.h */ = {isa = PBXFileReference; fileEncoding = 4; lastKnownFileType = sourcecode.c.h; path = FindPasswordVC_One.h; sourceTree = "<group>"; };
		C2A6B8AC1C52029D006CF6BD /* FindPasswordVC_One.m */ = {isa = PBXFileReference; fileEncoding = 4; lastKnownFileType = sourcecode.c.objc; path = FindPasswordVC_One.m; sourceTree = "<group>"; };
		C2A6B8AE1C5202AA006CF6BD /* FindPasswordVC_Tow.h */ = {isa = PBXFileReference; fileEncoding = 4; lastKnownFileType = sourcecode.c.h; path = FindPasswordVC_Tow.h; sourceTree = "<group>"; };
		C2A6B8AF1C5202AA006CF6BD /* FindPasswordVC_Tow.m */ = {isa = PBXFileReference; fileEncoding = 4; lastKnownFileType = sourcecode.c.objc; path = FindPasswordVC_Tow.m; sourceTree = "<group>"; };
		C2A6B8DA1C525C8C006CF6BD /* FindPasswordVC__Three.h */ = {isa = PBXFileReference; fileEncoding = 4; lastKnownFileType = sourcecode.c.h; path = FindPasswordVC__Three.h; sourceTree = "<group>"; };
		C2A6B8DB1C525C8C006CF6BD /* FindPasswordVC__Three.m */ = {isa = PBXFileReference; fileEncoding = 4; lastKnownFileType = sourcecode.c.objc; path = FindPasswordVC__Three.m; sourceTree = "<group>"; };
		C2A6B8DC1C525C8C006CF6BD /* FindPasswordVC__Three.xib */ = {isa = PBXFileReference; fileEncoding = 4; lastKnownFileType = file.xib; path = FindPasswordVC__Three.xib; sourceTree = "<group>"; };
		C2C6CE1F1C507F3E004215E1 /* UIButton+CountDown.h */ = {isa = PBXFileReference; fileEncoding = 4; lastKnownFileType = sourcecode.c.h; path = "UIButton+CountDown.h"; sourceTree = "<group>"; };
		C2C6CE201C507F3E004215E1 /* UIButton+CountDown.m */ = {isa = PBXFileReference; fileEncoding = 4; lastKnownFileType = sourcecode.c.objc; path = "UIButton+CountDown.m"; sourceTree = "<group>"; };
		C2E6CFD91C7EB15A0019EDF9 /* UserAllAttentionTVC.h */ = {isa = PBXFileReference; fileEncoding = 4; lastKnownFileType = sourcecode.c.h; path = UserAllAttentionTVC.h; sourceTree = "<group>"; };
		C2E6CFDA1C7EB15A0019EDF9 /* UserAllAttentionTVC.m */ = {isa = PBXFileReference; fileEncoding = 4; lastKnownFileType = sourcecode.c.objc; path = UserAllAttentionTVC.m; sourceTree = "<group>"; };
		C2E6CFE01C7ED4660019EDF9 /* UserAttentionCell.h */ = {isa = PBXFileReference; fileEncoding = 4; lastKnownFileType = sourcecode.c.h; path = UserAttentionCell.h; sourceTree = "<group>"; };
		C2E6CFE11C7ED4660019EDF9 /* UserAttentionCell.m */ = {isa = PBXFileReference; fileEncoding = 4; lastKnownFileType = sourcecode.c.objc; path = UserAttentionCell.m; sourceTree = "<group>"; };
		C2E6CFE21C7ED4660019EDF9 /* UserAttentionCell.xib */ = {isa = PBXFileReference; fileEncoding = 4; lastKnownFileType = file.xib; path = UserAttentionCell.xib; sourceTree = "<group>"; };
		C2E6CFE51C7EE5EF0019EDF9 /* AttentionDetailVC.h */ = {isa = PBXFileReference; fileEncoding = 4; lastKnownFileType = sourcecode.c.h; path = AttentionDetailVC.h; sourceTree = "<group>"; };
		C2E6CFE61C7EE5EF0019EDF9 /* AttentionDetailVC.m */ = {isa = PBXFileReference; fileEncoding = 4; lastKnownFileType = sourcecode.c.objc; path = AttentionDetailVC.m; sourceTree = "<group>"; };
		C2E6CFE71C7EE5EF0019EDF9 /* AttentionDetailVC.xib */ = {isa = PBXFileReference; fileEncoding = 4; lastKnownFileType = file.xib; path = AttentionDetailVC.xib; sourceTree = "<group>"; };
		C2E6CFEA1C7EEAE10019EDF9 /* iconfont-iconfontnan.png */ = {isa = PBXFileReference; lastKnownFileType = image.png; path = "iconfont-iconfontnan.png"; sourceTree = "<group>"; };
		C2E6CFEB1C7EEAE10019EDF9 /* iconfont-nv.png */ = {isa = PBXFileReference; lastKnownFileType = image.png; path = "iconfont-nv.png"; sourceTree = "<group>"; };
		C2E6CFF01C7F02810019EDF9 /* iconfont-wenhao.png */ = {isa = PBXFileReference; lastKnownFileType = image.png; path = "iconfont-wenhao.png"; sourceTree = "<group>"; };
		C2F74AB11C56678E00197D7D /* AvatarsourceType.h */ = {isa = PBXFileReference; fileEncoding = 4; lastKnownFileType = sourcecode.c.h; path = AvatarsourceType.h; sourceTree = "<group>"; };
		C2F74AB21C56678E00197D7D /* AvatarsourceType.m */ = {isa = PBXFileReference; fileEncoding = 4; lastKnownFileType = sourcecode.c.objc; path = AvatarsourceType.m; sourceTree = "<group>"; };
		C2F74AB31C56678E00197D7D /* AvatarsourceType.xib */ = {isa = PBXFileReference; fileEncoding = 4; lastKnownFileType = file.xib; path = AvatarsourceType.xib; sourceTree = "<group>"; };
/* End PBXFileReference section */

/* Begin PBXFrameworksBuildPhase section */
		5498EC671C48CE2400A7D99E /* Frameworks */ = {
			isa = PBXFrameworksBuildPhase;
			buildActionMask = 2147483647;
			files = (
				7C835AF59DDEBCA136F22534 /* libPods.a in Frameworks */,
			);
			runOnlyForDeploymentPostprocessing = 0;
		};
/* End PBXFrameworksBuildPhase section */

/* Begin PBXGroup section */
		540D98FC1C4A64380027EF2F /* mapView */ = {
			isa = PBXGroup;
			children = (
				54FF9E961C8037E800E57B08 /* xiazai.png */,
				542ADB4F1C7FEF5600937593 /* shangchuan.png */,
				542ADB4D1C7F306600937593 /* iconfont-androidstopwatch.png */,
				542ADB1B1C7D5DBA00937593 /* speedometer.png */,
				5454DCF31C579B6400B96CCD /* tuodong.png */,
				5454DCDD1C571E5F00B96CCD /* dingwei.png */,
				5454DCDE1C571E5F00B96CCD /* jiantou.png */,
				5454DCDF1C571E5F00B96CCD /* location.png */,
				5454DCE01C571E5F00B96CCD /* mapBook.png */,
				5454DCE11C571E5F00B96CCD /* mapShare.png */,
				5454DCE21C571E5F00B96CCD /* ride_selected.png */,
				5454DCE31C571E5F00B96CCD /* ride.png */,
				5454DCE41C571E5F00B96CCD /* run_selected.png */,
				5454DCE51C571E5F00B96CCD /* run.png */,
				5454DCE61C571E5F00B96CCD /* walk_selected.png */,
				5454DCE71C571E5F00B96CCD /* walk.png */,
				54D26B321C4CDA12001D20D9 /* point.png */,
				54D26B2B1C4CD6E1001D20D9 /* distance_selected.png */,
				54D26B2C1C4CD6E1001D20D9 /* distance.png */,
				54D26B241C4C8CD2001D20D9 /* altitude_selected.png */,
				54D26B251C4C8CD2001D20D9 /* altitude.png */,
				540D98FD1C4A64380027EF2F /* daohang.png */,
				540D98FE1C4A64380027EF2F /* daohang_selected.png */,
				540D98FF1C4A64380027EF2F /* group.png */,
				540D99001C4A64380027EF2F /* group_select.png */,
				540D99011C4A64380027EF2F /* haoyou-selected.png */,
				540D99021C4A64380027EF2F /* haoyou.png */,
				540D99031C4A64380027EF2F /* jia.png */,
				540D99041C4A64380027EF2F /* jia_selected.png */,
				540D99051C4A64380027EF2F /* jian.png */,
				540D99061C4A64380027EF2F /* jian_selected.png */,
				540D99071C4A64380027EF2F /* news.png */,
				540D99081C4A64380027EF2F /* news_selected.png */,
				540D99091C4A64380027EF2F /* person.png */,
				540D990A1C4A64380027EF2F /* share.png */,
				540D990B1C4A64380027EF2F /* share_selected.png */,
				540D990C1C4A64380027EF2F /* weixing.png */,
				540D990D1C4A64380027EF2F /* weixing_selected.png */,
			);
			path = mapView;
			sourceTree = "<group>";
		};
		5454DCC21C571B3C00B96CCD /* TrackLogging */ = {
			isa = PBXGroup;
			children = (
				5454DCC31C571B3C00B96CCD /* TrackLoggingViewController.h */,
				5454DCC41C571B3C00B96CCD /* TrackLoggingViewController.m */,
				542ADB121C7D57FE00937593 /* TrackwayTableViewController.h */,
				542ADB131C7D57FE00937593 /* TrackwayTableViewController.m */,
				542ADB1E1C7DD0B400937593 /* MapwayDetailsViewController.h */,
				542ADB1F1C7DD0B400937593 /* MapwayDetailsViewController.m */,
				5454DCC51C571B3C00B96CCD /* TrackNaviController.h */,
				5454DCC61C571B3C00B96CCD /* TrackNaviController.m */,
			);
			path = TrackLogging;
			sourceTree = "<group>";
		};
		5454DCD51C571C5700B96CCD /* 多播代理 */ = {
			isa = PBXGroup;
			children = (
				5454DCD61C571C5700B96CCD /* GCDMulticastDelegate.h */,
				5454DCD71C571C5700B96CCD /* GCDMulticastDelegate.m */,
			);
			path = "多播代理";
			sourceTree = "<group>";
		};
		5454DCD81C571C5700B96CCD /* KKNavigationController */ = {
			isa = PBXGroup;
			children = (
				5454DCD91C571C5700B96CCD /* KKNavigationController.h */,
				5454DCDA1C571C5700B96CCD /* KKNavigationController.m */,
			);
			path = KKNavigationController;
			sourceTree = "<group>";
		};
		5498EC611C48CE2300A7D99E = {
			isa = PBXGroup;
			children = (
				5498EC6C1C48CE2400A7D99E /* teamWork */,
				5498EC6B1C48CE2400A7D99E /* Products */,
				7B9768A9AE9E5614914AA432 /* Pods */,
				B0BB5B4E266E52F21B0C53F1 /* Frameworks */,
			);
			sourceTree = "<group>";
		};
		5498EC6B1C48CE2400A7D99E /* Products */ = {
			isa = PBXGroup;
			children = (
				5498EC6A1C48CE2400A7D99E /* teamWork.app */,
			);
			name = Products;
			sourceTree = "<group>";
		};
		5498EC6C1C48CE2400A7D99E /* teamWork */ = {
			isa = PBXGroup;
			children = (
				5498EC841C48D0E700A7D99E /* Source */,
				5498EC761C48CE2400A7D99E /* Main.storyboard */,
				5498EC791C48CE2400A7D99E /* Assets.xcassets */,
				5498EC7B1C48CE2400A7D99E /* LaunchScreen.storyboard */,
				5498EC7E1C48CE2400A7D99E /* Info.plist */,
				5498EC931C48D10B00A7D99E /* teamWorkPCH.pch */,
				5498EC6D1C48CE2400A7D99E /* Supporting Files */,
			);
			path = teamWork;
			sourceTree = "<group>";
		};
		5498EC6D1C48CE2400A7D99E /* Supporting Files */ = {
			isa = PBXGroup;
			children = (
				5498EC6E1C48CE2400A7D99E /* main.m */,
			);
			name = "Supporting Files";
			sourceTree = "<group>";
		};
		5498EC841C48D0E700A7D99E /* Source */ = {
			isa = PBXGroup;
			children = (
				5498EC851C48D0E700A7D99E /* Application */,
				5498EC861C48D0E700A7D99E /* BaseClass */,
				5498EC871C48D0E700A7D99E /* CodeClass */,
				5498EC8B1C48D0E700A7D99E /* Framework */,
				5498EC8C1C48D0E700A7D99E /* Header */,
				5498EC911C48D0E700A7D99E /* Resources */,
				5498EC921C48D0E700A7D99E /* TheThird */,
			);
			path = Source;
			sourceTree = "<group>";
		};
		5498EC851C48D0E700A7D99E /* Application */ = {
			isa = PBXGroup;
			children = (
				C2034DCB1C49CC9900202881 /* AppDelegate.h */,
				C2034DCC1C49CC9900202881 /* AppDelegate.m */,
			);
			path = Application;
			sourceTree = "<group>";
		};
		5498EC861C48D0E700A7D99E /* BaseClass */ = {
			isa = PBXGroup;
			children = (
				C21876DA1C570C62009D428B /* YDGetDataTools.h */,
				C21876DB1C570C62009D428B /* YDGetDataTools.m */,
				C2034DD21C49D1B400202881 /* LeancoudTools.h */,
				C2034DD31C49D1B400202881 /* LeancoudTools.m */,
				C2C6CE1F1C507F3E004215E1 /* UIButton+CountDown.h */,
				C2C6CE201C507F3E004215E1 /* UIButton+CountDown.m */,
				C28EFD421C5AF3730099A8B6 /* UITableView+FDTemplateLayoutCell.h */,
				C28EFD431C5AF3730099A8B6 /* UITableView+FDTemplateLayoutCell.m */,
				54AA2BA81C5860C200582C30 /* PinyinChange.h */,
				54AA2BA91C5860C200582C30 /* PinyinChange.m */,
				54BE0A661C5C522A008D1A6C /* Entity.h */,
				54BE0A671C5C522A008D1A6C /* Entity.m */,
				54BE0A681C5C522A008D1A6C /* Entity+CoreDataProperties.h */,
				54BE0A691C5C522A008D1A6C /* Entity+CoreDataProperties.m */,
				54BE0A6A1C5C522A008D1A6C /* MICodeData.xcdatamodeld */,
				54BE0A6C1C5C522A008D1A6C /* XLCodeDataTools.h */,
				54BE0A6D1C5C522A008D1A6C /* XLCodeDataTools.m */,
			);
			path = BaseClass;
			sourceTree = "<group>";
		};
		5498EC871C48D0E700A7D99E /* CodeClass */ = {
			isa = PBXGroup;
			children = (
				5498EC881C48D0E700A7D99E /* Controller */,
				5498EC891C48D0E700A7D99E /* Model */,
				5498EC8A1C48D0E700A7D99E /* View */,
			);
			path = CodeClass;
			sourceTree = "<group>";
		};
		5498EC881C48D0E700A7D99E /* Controller */ = {
			isa = PBXGroup;
			children = (
				C21876AD1C5708BD009D428B /* New&Weather */,
				C22D59A11C59AE580070AE96 /* GroupActivity */,
				5454DCC21C571B3C00B96CCD /* TrackLogging */,
				C21FE6C81C49239100D71330 /* User */,
				C29EC1B51C7DADA400155F14 /* UserAttendInformation */,
				C28B4B631C585AC600BF8EFD /* Share */,
				5498EC941C48D27B00A7D99E /* DisplayViewController.h */,
				5498EC951C48D27B00A7D99E /* DisplayViewController.m */,
				5498EC9D1C48D4C900A7D99E /* ShareViewController.h */,
				5498EC9E1C48D4C900A7D99E /* ShareViewController.m */,
				5498ECA01C48D4F400A7D99E /* FriendsViewController.h */,
				5498ECA11C48D4F400A7D99E /* FriendsViewController.m */,
			);
			path = Controller;
			sourceTree = "<group>";
		};
		5498EC891C48D0E700A7D99E /* Model */ = {
			isa = PBXGroup;
			children = (
				C21876D21C570C05009D428B /* YDNewsList */,
				C21876D51C570C05009D428B /* YDWeatherModel */,
				54D26B3A1C4CEDAB001D20D9 /* Map */,
				C2034DCE1C49CD4600202881 /* User */,
			);
			path = Model;
			sourceTree = "<group>";
		};
		5498EC8A1C48D0E700A7D99E /* View */ = {
			isa = PBXGroup;
			children = (
				C2E6CFDC1C7ED3310019EDF9 /* UserAttention */,
				C21876BF1C570A9A009D428B /* WeatherCollectionCell */,
				54B3AF9F1C4E256500D79478 /* map */,
				C28EFD4B1C5AF3E50099A8B6 /* Share */,
			);
			path = View;
			sourceTree = "<group>";
		};
		5498EC8B1C48D0E700A7D99E /* Framework */ = {
			isa = PBXGroup;
			children = (
			);
			path = Framework;
			sourceTree = "<group>";
		};
		5498EC8C1C48D0E700A7D99E /* Header */ = {
			isa = PBXGroup;
			children = (
				5498EC8D1C48D0E700A7D99E /* APPHeader.h */,
				5498EC8E1C48D0E700A7D99E /* KEYHeader.h */,
				5498EC8F1C48D0E700A7D99E /* THRHeader.h */,
				5498EC901C48D0E700A7D99E /* URLHeader.h */,
			);
			path = Header;
			sourceTree = "<group>";
		};
		5498EC911C48D0E700A7D99E /* Resources */ = {
			isa = PBXGroup;
			children = (
				C248CFD71C7EB234002776E5 /* CreatActivity */,
				C204BC0C1C4F726E0085BE48 /* User */,
				540D98FC1C4A64380027EF2F /* mapView */,
			);
			path = Resources;
			sourceTree = "<group>";
		};
		5498EC921C48D0E700A7D99E /* TheThird */ = {
			isa = PBXGroup;
			children = (
				5454DCD51C571C5700B96CCD /* 多播代理 */,
				5454DCD81C571C5700B96CCD /* KKNavigationController */,
			);
			path = TheThird;
			sourceTree = "<group>";
		};
		54B3AF9F1C4E256500D79478 /* map */ = {
			isa = PBXGroup;
			children = (
				5454DCCF1C571B6000B96CCD /* MapView.h */,
				5454DCD01C571B6000B96CCD /* MapView.m */,
				5454DCD11C571B6000B96CCD /* SportInfoView.h */,
				5454DCD21C571B6000B96CCD /* SportInfoView.m */,
				54B3AFA01C4E256500D79478 /* DistanceCalloutView.h */,
				54B3AFA11C4E256500D79478 /* DistanceCalloutView.m */,
				54B3AFA61C4E268000D79478 /* MapMoveInfoView.h */,
				54B3AFA71C4E268000D79478 /* MapMoveInfoView.m */,
				542ADB151C7D588900937593 /* TrackwayTableViewCell.h */,
				542ADB161C7D588900937593 /* TrackwayTableViewCell.m */,
				542ADB171C7D588900937593 /* TrackwayTableViewCell.xib */,
			);
			path = map;
			sourceTree = "<group>";
		};
		54D26B3A1C4CEDAB001D20D9 /* Map */ = {
			isa = PBXGroup;
			children = (
				5454DCC91C571B5700B96CCD /* MapGPSLocation.h */,
				5454DCCA1C571B5700B96CCD /* MapGPSLocation.m */,
				5454DCCB1C571B5700B96CCD /* MovementInfo.h */,
				5454DCCC1C571B5700B96CCD /* MovementInfo.m */,
				54B3AF961C4DD3BB00D79478 /* PointWithDistanceAnnView.h */,
				54B3AF971C4DD3BB00D79478 /* PointWithDistanceAnnView.m */,
				54B3AF991C4DD51900D79478 /* PointWithDistanceAnn.h */,
				54B3AF9A1C4DD51900D79478 /* PointWithDistanceAnn.m */,
				54BE0A721C5C6980008D1A6C /* CordDataInfo.h */,
				54BE0A731C5C6980008D1A6C /* CordDataInfo.m */,
			);
			path = Map;
			sourceTree = "<group>";
		};
		7B9768A9AE9E5614914AA432 /* Pods */ = {
			isa = PBXGroup;
			children = (
				A4FD56D4368DF51162DA0C2E /* Pods.debug.xcconfig */,
				8548A76332434B8AF27C174A /* Pods.release.xcconfig */,
			);
			name = Pods;
			sourceTree = "<group>";
		};
		B0BB5B4E266E52F21B0C53F1 /* Frameworks */ = {
			isa = PBXGroup;
			children = (
				40ADB28BE06A8DAB820CF0BA /* libPods.a */,
			);
			name = Frameworks;
			sourceTree = "<group>";
		};
		C2034DCE1C49CD4600202881 /* User */ = {
			isa = PBXGroup;
			children = (
				C2034DCF1C49CD6100202881 /* YYUserModel.h */,
				C2034DD01C49CD6100202881 /* YYUserModel.m */,
			);
			path = User;
			sourceTree = "<group>";
		};
		C204BC0C1C4F726E0085BE48 /* User */ = {
			isa = PBXGroup;
			children = (
				C2E6CFF01C7F02810019EDF9 /* iconfont-wenhao.png */,
				C2E6CFEA1C7EEAE10019EDF9 /* iconfont-iconfontnan.png */,
				C2E6CFEB1C7EEAE10019EDF9 /* iconfont-nv.png */,
				C29EC1B31C7D966000155F14 /* default_avatar.png */,
				C28EFD511C5AF5630099A8B6 /* iconfont-bianji.png */,
				C28EFD521C5AF5630099A8B6 /* iconfont-tianjia.png */,
				C204BC0F1C4F73DB0085BE48 /* iconfont-yonghu.png */,
				C204BC111C4F74AF0085BE48 /* iconfont-mima.png */,
				C204BC141C4FA1B70085BE48 /* iconfont-quedinggouxuanxuanxiang.png */,
				C204BC171C4FA3DF0085BE48 /* iconfont-yansebiankuang.png */,
			);
			path = User;
			sourceTree = "<group>";
		};
		C21876AD1C5708BD009D428B /* New&Weather */ = {
			isa = PBXGroup;
			children = (
				C21876E21C5758D4009D428B /* NewsDetailController */,
				C21876C51C570B08009D428B /* NewsListController */,
				C21876AE1C5708BD009D428B /* WeatherAdd */,
				C21876B11C5708BD009D428B /* WeatherSetting */,
				C21876B61C5708BD009D428B /* YDWeatherViewController.h */,
				C21876B71C5708BD009D428B /* YDWeatherViewController.m */,
				C21876B81C5708BD009D428B /* YDWMViewController.h */,
				C21876B91C5708BD009D428B /* YDWMViewController.m */,
			);
			path = "New&Weather";
			sourceTree = "<group>";
		};
		C21876AE1C5708BD009D428B /* WeatherAdd */ = {
			isa = PBXGroup;
			children = (
				C21876AF1C5708BD009D428B /* AddTableViewController.h */,
				C21876B01C5708BD009D428B /* AddTableViewController.m */,
			);
			path = WeatherAdd;
			sourceTree = "<group>";
		};
		C21876B11C5708BD009D428B /* WeatherSetting */ = {
			isa = PBXGroup;
			children = (
				C21876B21C5708BD009D428B /* SettingViewController.h */,
				C21876B31C5708BD009D428B /* SettingViewController.m */,
			);
			path = WeatherSetting;
			sourceTree = "<group>";
		};
		C21876BF1C570A9A009D428B /* WeatherCollectionCell */ = {
			isa = PBXGroup;
			children = (
				C21876C01C570A9A009D428B /* WeatherCollectionViewCell.h */,
				C21876C11C570A9A009D428B /* WeatherCollectionViewCell.m */,
				C21876C21C570A9A009D428B /* WeatherCollectionViewCell.xib */,
			);
			path = WeatherCollectionCell;
			sourceTree = "<group>";
		};
		C21876C51C570B08009D428B /* NewsListController */ = {
			isa = PBXGroup;
			children = (
				C21876C61C570B08009D428B /* JianfeiTableViewController.h */,
				C21876C71C570B08009D428B /* JianfeiTableViewController.m */,
				C21876C81C570B08009D428B /* NanxingTableViewController.h */,
				C21876C91C570B08009D428B /* NanxingTableViewController.m */,
				C21876CA1C570B08009D428B /* SecretTableViewController.h */,
				C21876CB1C570B08009D428B /* SecretTableViewController.m */,
				C21876CC1C570B08009D428B /* WomenTableViewController.h */,
				C21876CD1C570B08009D428B /* WomenTableViewController.m */,
			);
			path = NewsListController;
			sourceTree = "<group>";
		};
		C21876D21C570C05009D428B /* YDNewsList */ = {
			isa = PBXGroup;
			children = (
				C21876E81C5763C4009D428B /* DetailModel.h */,
				C21876E91C5763C4009D428B /* DetailModel.m */,
				C21876D31C570C05009D428B /* DogModel.h */,
				C21876D41C570C05009D428B /* DogModel.m */,
			);
			path = YDNewsList;
			sourceTree = "<group>";
		};
		C21876D51C570C05009D428B /* YDWeatherModel */ = {
			isa = PBXGroup;
			children = (
				C21876D61C570C05009D428B /* YDWeatherModel.h */,
				C21876D71C570C05009D428B /* YDWeatherModel.m */,
			);
			path = YDWeatherModel;
			sourceTree = "<group>";
		};
		C21876E21C5758D4009D428B /* NewsDetailController */ = {
			isa = PBXGroup;
			children = (
				C21876E31C5758D4009D428B /* DetailViewController.h */,
				C21876E41C5758D4009D428B /* DetailViewController.m */,
				C21876E51C5758D4009D428B /* DetailViewController.xib */,
			);
			path = NewsDetailController;
			sourceTree = "<group>";
		};
		C21FE6C81C49239100D71330 /* User */ = {
			isa = PBXGroup;
			children = (
				C204BC041C4F1A5B0085BE48 /* User.storyboard */,
				C204BC061C4F2FCB0085BE48 /* UserViewController.h */,
				C204BC071C4F2FCB0085BE48 /* UserViewController.m */,
				C204BC091C4F33D60085BE48 /* LoginViewController.h */,
				C204BC0A1C4F33D60085BE48 /* LoginViewController.m */,
				C204BC191C4FA4610085BE48 /* RegisterViewController.h */,
				C204BC1A1C4FA4620085BE48 /* RegisterViewController.m */,
				C2A6B8AB1C52029D006CF6BD /* FindPasswordVC_One.h */,
				C2A6B8AC1C52029D006CF6BD /* FindPasswordVC_One.m */,
				C2A6B8AE1C5202AA006CF6BD /* FindPasswordVC_Tow.h */,
				C2A6B8AF1C5202AA006CF6BD /* FindPasswordVC_Tow.m */,
				C2A6B8DA1C525C8C006CF6BD /* FindPasswordVC__Three.h */,
				C2A6B8DB1C525C8C006CF6BD /* FindPasswordVC__Three.m */,
				C2A6B8DC1C525C8C006CF6BD /* FindPasswordVC__Three.xib */,
				C2A6B8A61C51CC0F006CF6BD /* UserInfoViewController.h */,
				C2A6B8A71C51CC0F006CF6BD /* UserInfoViewController.m */,
				C2A6B8A81C51CC0F006CF6BD /* UserInfoViewController.xib */,
				C2F74AB11C56678E00197D7D /* AvatarsourceType.h */,
				C2F74AB21C56678E00197D7D /* AvatarsourceType.m */,
				C2F74AB31C56678E00197D7D /* AvatarsourceType.xib */,
			);
			path = User;
			sourceTree = "<group>";
		};
		C22D59A11C59AE580070AE96 /* GroupActivity */ = {
			isa = PBXGroup;
			children = (
				C22D59A21C59AE580070AE96 /* GroupActivityViewController.h */,
				C22D59A31C59AE580070AE96 /* GroupActivityViewController.m */,
				C248D0011C7EF77A002776E5 /* CreatActivityViewController_1.h */,
				C248D0021C7EF77A002776E5 /* CreatActivityViewController_1.m */,
				C248D0031C7EF77A002776E5 /* CreatActivityViewController_1.xib */,
				C248CFFE1C7EECA7002776E5 /* UITextField+DatePicker.h */,
				C248CFFF1C7EECA7002776E5 /* UITextField+DatePicker.m */,
			);
			path = GroupActivity;
			sourceTree = "<group>";
		};
		C248CFD71C7EB234002776E5 /* CreatActivity */ = {
			isa = PBXGroup;
			children = (
				C248CFD81C7EB234002776E5 /* iconfont-add.png */,
			);
			path = CreatActivity;
			sourceTree = "<group>";
		};
		C28B4B631C585AC600BF8EFD /* Share */ = {
			isa = PBXGroup;
			children = (
				C28EFD451C5AF39B0099A8B6 /* AddShareCollectionViewController.h */,
				C28EFD461C5AF39B0099A8B6 /* AddShareCollectionViewController.m */,
				C28EFD471C5AF39B0099A8B6 /* FootPrintTableViewController.h */,
				C28EFD481C5AF39B0099A8B6 /* FootPrintTableViewController.m */,
			);
			path = Share;
			sourceTree = "<group>";
		};
		C28EFD4B1C5AF3E50099A8B6 /* Share */ = {
			isa = PBXGroup;
			children = (
				C28EFD4C1C5AF3E50099A8B6 /* QFRootTableViewCell.h */,
				C28EFD4D1C5AF3E50099A8B6 /* QFRootTableViewCell.m */,
				C28EFD4E1C5AF3E50099A8B6 /* QFRootTableViewCell.xib */,
			);
			path = Share;
			sourceTree = "<group>";
		};
		C29EC1B51C7DADA400155F14 /* UserAttendInformation */ = {
			isa = PBXGroup;
			children = (
				C29EC1B61C7DAE0C00155F14 /* UserAllShareTableViewController.h */,
				C29EC1B71C7DAE0C00155F14 /* UserAllShareTableViewController.m */,
				C2E6CFD91C7EB15A0019EDF9 /* UserAllAttentionTVC.h */,
				C2E6CFDA1C7EB15A0019EDF9 /* UserAllAttentionTVC.m */,
				C2E6CFE51C7EE5EF0019EDF9 /* AttentionDetailVC.h */,
				C2E6CFE61C7EE5EF0019EDF9 /* AttentionDetailVC.m */,
				C2E6CFE71C7EE5EF0019EDF9 /* AttentionDetailVC.xib */,
			);
			name = UserAttendInformation;
			path = teamWork/Source/CodeClass/Controller/UserAttendInformation;
			sourceTree = SOURCE_ROOT;
		};
		C2E6CFDC1C7ED3310019EDF9 /* UserAttention */ = {
			isa = PBXGroup;
			children = (
				C2E6CFE01C7ED4660019EDF9 /* UserAttentionCell.h */,
				C2E6CFE11C7ED4660019EDF9 /* UserAttentionCell.m */,
				C2E6CFE21C7ED4660019EDF9 /* UserAttentionCell.xib */,
			);
			path = UserAttention;
			sourceTree = "<group>";
		};
/* End PBXGroup section */

/* Begin PBXNativeTarget section */
		5498EC691C48CE2400A7D99E /* teamWork */ = {
			isa = PBXNativeTarget;
			buildConfigurationList = 5498EC811C48CE2400A7D99E /* Build configuration list for PBXNativeTarget "teamWork" */;
			buildPhases = (
				D012E851514F3C3D1D32471E /* Check Pods Manifest.lock */,
				5498EC661C48CE2400A7D99E /* Sources */,
				5498EC671C48CE2400A7D99E /* Frameworks */,
				5498EC681C48CE2400A7D99E /* Resources */,
				738C0E4342BDA57D86350A3C /* Embed Pods Frameworks */,
				6236096C41599CEA930DE7AE /* Copy Pods Resources */,
			);
			buildRules = (
			);
			dependencies = (
			);
			name = teamWork;
			productName = teamWork;
			productReference = 5498EC6A1C48CE2400A7D99E /* teamWork.app */;
			productType = "com.apple.product-type.application";
		};
/* End PBXNativeTarget section */

/* Begin PBXProject section */
		5498EC621C48CE2300A7D99E /* Project object */ = {
			isa = PBXProject;
			attributes = {
				LastUpgradeCheck = 0720;
				ORGANIZATIONNAME = hanxiaolong;
				TargetAttributes = {
					5498EC691C48CE2400A7D99E = {
						CreatedOnToolsVersion = 7.2;
						DevelopmentTeam = 93VY77L34D;
						SystemCapabilities = {
							com.apple.BackgroundModes = {
								enabled = 1;
							};
						};
					};
				};
			};
			buildConfigurationList = 5498EC651C48CE2300A7D99E /* Build configuration list for PBXProject "teamWork" */;
			compatibilityVersion = "Xcode 3.2";
			developmentRegion = English;
			hasScannedForEncodings = 0;
			knownRegions = (
				en,
				Base,
			);
			mainGroup = 5498EC611C48CE2300A7D99E;
			productRefGroup = 5498EC6B1C48CE2400A7D99E /* Products */;
			projectDirPath = "";
			projectRoot = "";
			targets = (
				5498EC691C48CE2400A7D99E /* teamWork */,
			);
		};
/* End PBXProject section */

/* Begin PBXResourcesBuildPhase section */
		5498EC681C48CE2400A7D99E /* Resources */ = {
			isa = PBXResourcesBuildPhase;
			buildActionMask = 2147483647;
			files = (
				5454DCF01C571E5F00B96CCD /* run.png in Resources */,
				540D99141C4A64380027EF2F /* jia.png in Resources */,
				54FF9E971C8037E800E57B08 /* xiazai.png in Resources */,
				54D26B2D1C4CD6E1001D20D9 /* distance_selected.png in Resources */,
				540D990E1C4A64380027EF2F /* daohang.png in Resources */,
				C21876C41C570A9A009D428B /* WeatherCollectionViewCell.xib in Resources */,
				542ADB501C7FEF5600937593 /* shangchuan.png in Resources */,
				540D99121C4A64380027EF2F /* haoyou-selected.png in Resources */,
				540D991D1C4A64380027EF2F /* weixing.png in Resources */,
				540D990F1C4A64380027EF2F /* daohang_selected.png in Resources */,
				5454DCE81C571E5F00B96CCD /* dingwei.png in Resources */,
				C248CFD91C7EB234002776E5 /* iconfont-add.png in Resources */,
				C21876E71C5758D4009D428B /* DetailViewController.xib in Resources */,
				540D991A1C4A64380027EF2F /* person.png in Resources */,
				C2A6B8AA1C51CC0F006CF6BD /* UserInfoViewController.xib in Resources */,
				C28EFD541C5AF5630099A8B6 /* iconfont-tianjia.png in Resources */,
				C2E6CFED1C7EEAE10019EDF9 /* iconfont-nv.png in Resources */,
				5454DCF21C571E5F00B96CCD /* walk.png in Resources */,
				5454DCEE1C571E5F00B96CCD /* ride.png in Resources */,
				54D26B331C4CDA12001D20D9 /* point.png in Resources */,
				540D991E1C4A64380027EF2F /* weixing_selected.png in Resources */,
				540D99181C4A64380027EF2F /* news.png in Resources */,
				C204BC101C4F73DB0085BE48 /* iconfont-yonghu.png in Resources */,
				5498EC7D1C48CE2400A7D99E /* LaunchScreen.storyboard in Resources */,
				C2A6B8DE1C525C8C006CF6BD /* FindPasswordVC__Three.xib in Resources */,
				C204BC051C4F1A5B0085BE48 /* User.storyboard in Resources */,
				54D26B2E1C4CD6E1001D20D9 /* distance.png in Resources */,
				C2E6CFE41C7ED4660019EDF9 /* UserAttentionCell.xib in Resources */,
				C28EFD501C5AF3E50099A8B6 /* QFRootTableViewCell.xib in Resources */,
				540D99161C4A64380027EF2F /* jian.png in Resources */,
				540D99101C4A64380027EF2F /* group.png in Resources */,
				C2E6CFE91C7EE5EF0019EDF9 /* AttentionDetailVC.xib in Resources */,
				C2F74AB51C56678E00197D7D /* AvatarsourceType.xib in Resources */,
				5498EC7A1C48CE2400A7D99E /* Assets.xcassets in Resources */,
				540D991B1C4A64380027EF2F /* share.png in Resources */,
				5454DCF41C579B6400B96CCD /* tuodong.png in Resources */,
				C28EFD531C5AF5630099A8B6 /* iconfont-bianji.png in Resources */,
				C2E6CFEC1C7EEAE10019EDF9 /* iconfont-iconfontnan.png in Resources */,
				C29EC1B41C7D966000155F14 /* default_avatar.png in Resources */,
				54D26B261C4C8CD2001D20D9 /* altitude_selected.png in Resources */,
				C2E6CFF11C7F02810019EDF9 /* iconfont-wenhao.png in Resources */,
				5454DCED1C571E5F00B96CCD /* ride_selected.png in Resources */,
				5454DCE91C571E5F00B96CCD /* jiantou.png in Resources */,
				540D99171C4A64380027EF2F /* jian_selected.png in Resources */,
				5454DCEC1C571E5F00B96CCD /* mapShare.png in Resources */,
				54D26B271C4C8CD2001D20D9 /* altitude.png in Resources */,
				5454DCF11C571E5F00B96CCD /* walk_selected.png in Resources */,
				C204BC121C4F74AF0085BE48 /* iconfont-mima.png in Resources */,
				540D99111C4A64380027EF2F /* group_select.png in Resources */,
				542ADB4E1C7F306600937593 /* iconfont-androidstopwatch.png in Resources */,
				5454DCEF1C571E5F00B96CCD /* run_selected.png in Resources */,
				C204BC181C4FA3DF0085BE48 /* iconfont-yansebiankuang.png in Resources */,
				5498EC781C48CE2400A7D99E /* Main.storyboard in Resources */,
				C204BC161C4FA1B70085BE48 /* iconfont-quedinggouxuanxuanxiang.png in Resources */,
				542ADB191C7D588900937593 /* TrackwayTableViewCell.xib in Resources */,
				540D991C1C4A64380027EF2F /* share_selected.png in Resources */,
				5454DCEB1C571E5F00B96CCD /* mapBook.png in Resources */,
				C248D0051C7EF77A002776E5 /* CreatActivityViewController_1.xib in Resources */,
				540D99151C4A64380027EF2F /* jia_selected.png in Resources */,
				5454DCEA1C571E5F00B96CCD /* location.png in Resources */,
				540D99131C4A64380027EF2F /* haoyou.png in Resources */,
				540D99191C4A64380027EF2F /* news_selected.png in Resources */,
				542ADB1D1C7D5DBA00937593 /* speedometer.png in Resources */,
			);
			runOnlyForDeploymentPostprocessing = 0;
		};
/* End PBXResourcesBuildPhase section */

/* Begin PBXShellScriptBuildPhase section */
		6236096C41599CEA930DE7AE /* Copy Pods Resources */ = {
			isa = PBXShellScriptBuildPhase;
			buildActionMask = 2147483647;
			files = (
			);
			inputPaths = (
			);
			name = "Copy Pods Resources";
			outputPaths = (
			);
			runOnlyForDeploymentPostprocessing = 0;
			shellPath = /bin/sh;
			shellScript = "\"${SRCROOT}/Pods/Target Support Files/Pods/Pods-resources.sh\"\n";
			showEnvVarsInLog = 0;
		};
		738C0E4342BDA57D86350A3C /* Embed Pods Frameworks */ = {
			isa = PBXShellScriptBuildPhase;
			buildActionMask = 2147483647;
			files = (
			);
			inputPaths = (
			);
			name = "Embed Pods Frameworks";
			outputPaths = (
			);
			runOnlyForDeploymentPostprocessing = 0;
			shellPath = /bin/sh;
			shellScript = "\"${SRCROOT}/Pods/Target Support Files/Pods/Pods-frameworks.sh\"\n";
			showEnvVarsInLog = 0;
		};
		D012E851514F3C3D1D32471E /* Check Pods Manifest.lock */ = {
			isa = PBXShellScriptBuildPhase;
			buildActionMask = 2147483647;
			files = (
			);
			inputPaths = (
			);
			name = "Check Pods Manifest.lock";
			outputPaths = (
			);
			runOnlyForDeploymentPostprocessing = 0;
			shellPath = /bin/sh;
			shellScript = "diff \"${PODS_ROOT}/../Podfile.lock\" \"${PODS_ROOT}/Manifest.lock\" > /dev/null\nif [[ $? != 0 ]] ; then\n    cat << EOM\nerror: The sandbox is not in sync with the Podfile.lock. Run 'pod install' or update your CocoaPods installation.\nEOM\n    exit 1\nfi\n";
			showEnvVarsInLog = 0;
		};
/* End PBXShellScriptBuildPhase section */

/* Begin PBXSourcesBuildPhase section */
		5498EC661C48CE2400A7D99E /* Sources */ = {
			isa = PBXSourcesBuildPhase;
			buildActionMask = 2147483647;
			files = (
				C21876C31C570A9A009D428B /* WeatherCollectionViewCell.m in Sources */,
				54B3AF981C4DD3BB00D79478 /* PointWithDistanceAnnView.m in Sources */,
				C2A6B8AD1C52029D006CF6BD /* FindPasswordVC_One.m in Sources */,
				C21876D01C570B08009D428B /* SecretTableViewController.m in Sources */,
				54BE0A711C5C522A008D1A6C /* XLCodeDataTools.m in Sources */,
				C204BC1B1C4FA4620085BE48 /* RegisterViewController.m in Sources */,
				C21876BE1C5708BD009D428B /* YDWMViewController.m in Sources */,
				C21876D91C570C05009D428B /* YDWeatherModel.m in Sources */,
				C21876BA1C5708BD009D428B /* AddTableViewController.m in Sources */,
				5454DCCD1C571B5700B96CCD /* MapGPSLocation.m in Sources */,
				54B3AF9B1C4DD51900D79478 /* PointWithDistanceAnn.m in Sources */,
				C2E6CFDB1C7EB15A0019EDF9 /* UserAllAttentionTVC.m in Sources */,
				54BE0A701C5C522A008D1A6C /* MICodeData.xcdatamodeld in Sources */,
				54BE0A6E1C5C522A008D1A6C /* Entity.m in Sources */,
				C21876E61C5758D4009D428B /* DetailViewController.m in Sources */,
				54B3AFA41C4E256500D79478 /* DistanceCalloutView.m in Sources */,
				C2E6CFE31C7ED4660019EDF9 /* UserAttentionCell.m in Sources */,
				54B3AFA81C4E268000D79478 /* MapMoveInfoView.m in Sources */,
				5498ECA21C48D4F400A7D99E /* FriendsViewController.m in Sources */,
				C248D0001C7EECA7002776E5 /* UITextField+DatePicker.m in Sources */,
				C2A6B8DD1C525C8C006CF6BD /* FindPasswordVC__Three.m in Sources */,
				C204BC081C4F2FCB0085BE48 /* UserViewController.m in Sources */,
				5454DCCE1C571B5700B96CCD /* MovementInfo.m in Sources */,
				C21876CF1C570B08009D428B /* NanxingTableViewController.m in Sources */,
				C29EC1B81C7DAE0C00155F14 /* UserAllShareTableViewController.m in Sources */,
				C2034DD41C49D1B400202881 /* LeancoudTools.m in Sources */,
				5454DCC81C571B3C00B96CCD /* TrackNaviController.m in Sources */,
				C28EFD4F1C5AF3E50099A8B6 /* QFRootTableViewCell.m in Sources */,
				5454DCDC1C571C5700B96CCD /* KKNavigationController.m in Sources */,
				C28EFD4A1C5AF39B0099A8B6 /* FootPrintTableViewController.m in Sources */,
				54AA2BAA1C5860C200582C30 /* PinyinChange.m in Sources */,
				C2F74AB41C56678E00197D7D /* AvatarsourceType.m in Sources */,
				C204BC0B1C4F33D60085BE48 /* LoginViewController.m in Sources */,
				C21876BD1C5708BD009D428B /* YDWeatherViewController.m in Sources */,
				C248D0041C7EF77A002776E5 /* CreatActivityViewController_1.m in Sources */,
				C21876EA1C5763C4009D428B /* DetailModel.m in Sources */,
				C21876D11C570B08009D428B /* WomenTableViewController.m in Sources */,
				C21876D81C570C05009D428B /* DogModel.m in Sources */,
				5454DCD41C571B6000B96CCD /* SportInfoView.m in Sources */,
				C21876DC1C570C62009D428B /* YDGetDataTools.m in Sources */,
				542ADB181C7D588900937593 /* TrackwayTableViewCell.m in Sources */,
				C21876CE1C570B08009D428B /* JianfeiTableViewController.m in Sources */,
				C21876BB1C5708BD009D428B /* SettingViewController.m in Sources */,
				54BE0A741C5C6980008D1A6C /* CordDataInfo.m in Sources */,
				C22D59A41C59AE580070AE96 /* GroupActivityViewController.m in Sources */,
				C28EFD491C5AF39B0099A8B6 /* AddShareCollectionViewController.m in Sources */,
				5454DCD31C571B6000B96CCD /* MapView.m in Sources */,
				542ADB141C7D57FE00937593 /* TrackwayTableViewController.m in Sources */,
				54BE0A6F1C5C522A008D1A6C /* Entity+CoreDataProperties.m in Sources */,
				C28EFD441C5AF3730099A8B6 /* UITableView+FDTemplateLayoutCell.m in Sources */,
				C2A6B8A91C51CC0F006CF6BD /* UserInfoViewController.m in Sources */,
				C2E6CFE81C7EE5EF0019EDF9 /* AttentionDetailVC.m in Sources */,
				5454DCC71C571B3C00B96CCD /* TrackLoggingViewController.m in Sources */,
				5498EC961C48D27B00A7D99E /* DisplayViewController.m in Sources */,
				C2034DCD1C49CC9900202881 /* AppDelegate.m in Sources */,
				C2A6B8B01C5202AA006CF6BD /* FindPasswordVC_Tow.m in Sources */,
				542ADB201C7DD0B400937593 /* MapwayDetailsViewController.m in Sources */,
				C2034DD11C49CD6100202881 /* YYUserModel.m in Sources */,
				5498EC9F1C48D4C900A7D99E /* ShareViewController.m in Sources */,
				5498EC6F1C48CE2400A7D99E /* main.m in Sources */,
				5454DCDB1C571C5700B96CCD /* GCDMulticastDelegate.m in Sources */,
				C2C6CE211C507F3E004215E1 /* UIButton+CountDown.m in Sources */,
			);
			runOnlyForDeploymentPostprocessing = 0;
		};
/* End PBXSourcesBuildPhase section */

/* Begin PBXVariantGroup section */
		5498EC761C48CE2400A7D99E /* Main.storyboard */ = {
			isa = PBXVariantGroup;
			children = (
				5498EC771C48CE2400A7D99E /* Base */,
			);
			name = Main.storyboard;
			sourceTree = "<group>";
		};
		5498EC7B1C48CE2400A7D99E /* LaunchScreen.storyboard */ = {
			isa = PBXVariantGroup;
			children = (
				5498EC7C1C48CE2400A7D99E /* Base */,
			);
			name = LaunchScreen.storyboard;
			sourceTree = "<group>";
		};
/* End PBXVariantGroup section */

/* Begin XCBuildConfiguration section */
		5498EC7F1C48CE2400A7D99E /* Debug */ = {
			isa = XCBuildConfiguration;
			buildSettings = {
				ALWAYS_SEARCH_USER_PATHS = NO;
				CLANG_CXX_LANGUAGE_STANDARD = "gnu++0x";
				CLANG_CXX_LIBRARY = "libc++";
				CLANG_ENABLE_MODULES = YES;
				CLANG_ENABLE_OBJC_ARC = YES;
				CLANG_WARN_BOOL_CONVERSION = YES;
				CLANG_WARN_CONSTANT_CONVERSION = YES;
				CLANG_WARN_DIRECT_OBJC_ISA_USAGE = YES_ERROR;
				CLANG_WARN_EMPTY_BODY = YES;
				CLANG_WARN_ENUM_CONVERSION = YES;
				CLANG_WARN_INT_CONVERSION = YES;
				CLANG_WARN_OBJC_ROOT_CLASS = YES_ERROR;
				CLANG_WARN_UNREACHABLE_CODE = YES;
				CLANG_WARN__DUPLICATE_METHOD_MATCH = YES;
				"CODE_SIGN_IDENTITY[sdk=iphoneos*]" = "iPhone Developer";
				COPY_PHASE_STRIP = NO;
				DEBUG_INFORMATION_FORMAT = dwarf;
				ENABLE_STRICT_OBJC_MSGSEND = YES;
				ENABLE_TESTABILITY = YES;
				GCC_C_LANGUAGE_STANDARD = gnu99;
				GCC_DYNAMIC_NO_PIC = NO;
				GCC_NO_COMMON_BLOCKS = YES;
				GCC_OPTIMIZATION_LEVEL = 0;
				GCC_PREPROCESSOR_DEFINITIONS = (
					"DEBUG=1",
					"$(inherited)",
				);
				GCC_WARN_64_TO_32_BIT_CONVERSION = YES;
				GCC_WARN_ABOUT_RETURN_TYPE = YES_ERROR;
				GCC_WARN_UNDECLARED_SELECTOR = YES;
				GCC_WARN_UNINITIALIZED_AUTOS = YES_AGGRESSIVE;
				GCC_WARN_UNUSED_FUNCTION = YES;
				GCC_WARN_UNUSED_VARIABLE = YES;
				IPHONEOS_DEPLOYMENT_TARGET = 9.2;
				MTL_ENABLE_DEBUG_INFO = YES;
				ONLY_ACTIVE_ARCH = YES;
				SDKROOT = iphoneos;
				TARGETED_DEVICE_FAMILY = "1,2";
			};
			name = Debug;
		};
		5498EC801C48CE2400A7D99E /* Release */ = {
			isa = XCBuildConfiguration;
			buildSettings = {
				ALWAYS_SEARCH_USER_PATHS = NO;
				CLANG_CXX_LANGUAGE_STANDARD = "gnu++0x";
				CLANG_CXX_LIBRARY = "libc++";
				CLANG_ENABLE_MODULES = YES;
				CLANG_ENABLE_OBJC_ARC = YES;
				CLANG_WARN_BOOL_CONVERSION = YES;
				CLANG_WARN_CONSTANT_CONVERSION = YES;
				CLANG_WARN_DIRECT_OBJC_ISA_USAGE = YES_ERROR;
				CLANG_WARN_EMPTY_BODY = YES;
				CLANG_WARN_ENUM_CONVERSION = YES;
				CLANG_WARN_INT_CONVERSION = YES;
				CLANG_WARN_OBJC_ROOT_CLASS = YES_ERROR;
				CLANG_WARN_UNREACHABLE_CODE = YES;
				CLANG_WARN__DUPLICATE_METHOD_MATCH = YES;
				"CODE_SIGN_IDENTITY[sdk=iphoneos*]" = "iPhone Developer";
				COPY_PHASE_STRIP = NO;
				DEBUG_INFORMATION_FORMAT = "dwarf-with-dsym";
				ENABLE_NS_ASSERTIONS = NO;
				ENABLE_STRICT_OBJC_MSGSEND = YES;
				GCC_C_LANGUAGE_STANDARD = gnu99;
				GCC_NO_COMMON_BLOCKS = YES;
				GCC_WARN_64_TO_32_BIT_CONVERSION = YES;
				GCC_WARN_ABOUT_RETURN_TYPE = YES_ERROR;
				GCC_WARN_UNDECLARED_SELECTOR = YES;
				GCC_WARN_UNINITIALIZED_AUTOS = YES_AGGRESSIVE;
				GCC_WARN_UNUSED_FUNCTION = YES;
				GCC_WARN_UNUSED_VARIABLE = YES;
				IPHONEOS_DEPLOYMENT_TARGET = 9.2;
				MTL_ENABLE_DEBUG_INFO = NO;
				SDKROOT = iphoneos;
				TARGETED_DEVICE_FAMILY = "1,2";
				VALIDATE_PRODUCT = YES;
			};
			name = Release;
		};
		5498EC821C48CE2400A7D99E /* Debug */ = {
			isa = XCBuildConfiguration;
			baseConfigurationReference = A4FD56D4368DF51162DA0C2E /* Pods.debug.xcconfig */;
			buildSettings = {
				ASSETCATALOG_COMPILER_APPICON_NAME = AppIcon;
				CODE_SIGN_IDENTITY = "iPhone Developer";
				"CODE_SIGN_IDENTITY[sdk=iphoneos*]" = "iPhone Developer";
				GCC_PREFIX_HEADER = "$(SRCROOT)/teamWork/teamWorkPCH.pch";
				INFOPLIST_FILE = teamWork/Info.plist;
				IPHONEOS_DEPLOYMENT_TARGET = 9.1;
				LD_RUNPATH_SEARCH_PATHS = "$(inherited) @executable_path/Frameworks";
				PRODUCT_BUNDLE_IDENTIFIER = com.lanou3g.teamWork;
				PRODUCT_NAME = "$(TARGET_NAME)";
				PROVISIONING_PROFILE = "";
			};
			name = Debug;
		};
		5498EC831C48CE2400A7D99E /* Release */ = {
			isa = XCBuildConfiguration;
			baseConfigurationReference = 8548A76332434B8AF27C174A /* Pods.release.xcconfig */;
			buildSettings = {
				ASSETCATALOG_COMPILER_APPICON_NAME = AppIcon;
				CODE_SIGN_IDENTITY = "iPhone Developer";
				"CODE_SIGN_IDENTITY[sdk=iphoneos*]" = "iPhone Developer";
				GCC_PREFIX_HEADER = "$(SRCROOT)/teamWork/teamWorkPCH.pch";
				INFOPLIST_FILE = teamWork/Info.plist;
				IPHONEOS_DEPLOYMENT_TARGET = 9.1;
				LD_RUNPATH_SEARCH_PATHS = "$(inherited) @executable_path/Frameworks";
				PRODUCT_BUNDLE_IDENTIFIER = com.lanou3g.teamWork;
				PRODUCT_NAME = "$(TARGET_NAME)";
				PROVISIONING_PROFILE = "";
			};
			name = Release;
		};
/* End XCBuildConfiguration section */

/* Begin XCConfigurationList section */
		5498EC651C48CE2300A7D99E /* Build configuration list for PBXProject "teamWork" */ = {
			isa = XCConfigurationList;
			buildConfigurations = (
				5498EC7F1C48CE2400A7D99E /* Debug */,
				5498EC801C48CE2400A7D99E /* Release */,
			);
			defaultConfigurationIsVisible = 0;
			defaultConfigurationName = Release;
		};
		5498EC811C48CE2400A7D99E /* Build configuration list for PBXNativeTarget "teamWork" */ = {
			isa = XCConfigurationList;
			buildConfigurations = (
				5498EC821C48CE2400A7D99E /* Debug */,
				5498EC831C48CE2400A7D99E /* Release */,
			);
			defaultConfigurationIsVisible = 0;
			defaultConfigurationName = Release;
		};
/* End XCConfigurationList section */

/* Begin XCVersionGroup section */
		54BE0A6A1C5C522A008D1A6C /* MICodeData.xcdatamodeld */ = {
			isa = XCVersionGroup;
			children = (
				54BE0A6B1C5C522A008D1A6C /* MICodeData.xcdatamodel */,
			);
			currentVersion = 54BE0A6B1C5C522A008D1A6C /* MICodeData.xcdatamodel */;
			path = MICodeData.xcdatamodeld;
			sourceTree = "<group>";
			versionGroupType = wrapper.xcdatamodel;
		};
/* End XCVersionGroup section */
	};
	rootObject = 5498EC621C48CE2300A7D99E /* Project object */;
}
