// !$*UTF8*$!
{
	archiveVersion = 1;
	classes = {
	};
	objectVersion = 46;
	objects = {

/* Begin PBXBuildFile section */
		540D98EF1C49ECD80027EF2F /* MapViewController.m in Sources */ = {isa = PBXBuildFile; fileRef = 540D98EE1C49ECD80027EF2F /* MapViewController.m */; };
		540D990E1C4A64380027EF2F /* daohang.png in Resources */ = {isa = PBXBuildFile; fileRef = 540D98FD1C4A64380027EF2F /* daohang.png */; };
		540D990F1C4A64380027EF2F /* daohang_selected.png in Resources */ = {isa = PBXBuildFile; fileRef = 540D98FE1C4A64380027EF2F /* daohang_selected.png */; };
		540D99101C4A64380027EF2F /* group.png in Resources */ = {isa = PBXBuildFile; fileRef = 540D98FF1C4A64380027EF2F /* group.png */; };
		540D99111C4A64380027EF2F /* group_select.png in Resources */ = {isa = PBXBuildFile; fileRef = 540D99001C4A64380027EF2F /* group_select.png */; };
		540D99121C4A64380027EF2F /* haoyou-selected.png in Resources */ = {isa = PBXBuildFile; fileRef = 540D99011C4A64380027EF2F /* haoyou-selected.png */; };
		540D99131C4A64380027EF2F /* haoyou.png in Resources */ = {isa = PBXBuildFile; fileRef = 540D99021C4A64380027EF2F /* haoyou.png */; };
		540D99141C4A64380027EF2F /* jia.png in Resources */ = {isa = PBXBuildFile; fileRef = 540D99031C4A64380027EF2F /* jia.png */; };
		540D99151C4A64380027EF2F /* jia_selected.png in Resources */ = {isa = PBXBuildFile; fileRef = 540D99041C4A64380027EF2F /* jia_selected.png */; };
		540D99161C4A64380027EF2F /* jian.png in Resources */ = {isa = PBXBuildFile; fileRef = 540D99051C4A64380027EF2F /* jian.png */; };
		540D99171C4A64380027EF2F /* jian_selected.png in Resources */ = {isa = PBXBuildFile; fileRef = 540D99061C4A64380027EF2F /* jian_selected.png */; };
		540D99181C4A64380027EF2F /* news.png in Resources */ = {isa = PBXBuildFile; fileRef = 540D99071C4A64380027EF2F /* news.png */; };
		540D99191C4A64380027EF2F /* news_selected.png in Resources */ = {isa = PBXBuildFile; fileRef = 540D99081C4A64380027EF2F /* news_selected.png */; };
		540D991A1C4A64380027EF2F /* person.png in Resources */ = {isa = PBXBuildFile; fileRef = 540D99091C4A64380027EF2F /* person.png */; };
		540D991B1C4A64380027EF2F /* share.png in Resources */ = {isa = PBXBuildFile; fileRef = 540D990A1C4A64380027EF2F /* share.png */; };
		540D991C1C4A64380027EF2F /* share_selected.png in Resources */ = {isa = PBXBuildFile; fileRef = 540D990B1C4A64380027EF2F /* share_selected.png */; };
		540D991D1C4A64380027EF2F /* weixing.png in Resources */ = {isa = PBXBuildFile; fileRef = 540D990C1C4A64380027EF2F /* weixing.png */; };
		540D991E1C4A64380027EF2F /* weixing_selected.png in Resources */ = {isa = PBXBuildFile; fileRef = 540D990D1C4A64380027EF2F /* weixing_selected.png */; };
		5498EC6F1C48CE2400A7D99E /* main.m in Sources */ = {isa = PBXBuildFile; fileRef = 5498EC6E1C48CE2400A7D99E /* main.m */; };
		5498EC781C48CE2400A7D99E /* Main.storyboard in Resources */ = {isa = PBXBuildFile; fileRef = 5498EC761C48CE2400A7D99E /* Main.storyboard */; };
		5498EC7A1C48CE2400A7D99E /* Assets.xcassets in Resources */ = {isa = PBXBuildFile; fileRef = 5498EC791C48CE2400A7D99E /* Assets.xcassets */; };
		5498EC7D1C48CE2400A7D99E /* LaunchScreen.storyboard in Resources */ = {isa = PBXBuildFile; fileRef = 5498EC7B1C48CE2400A7D99E /* LaunchScreen.storyboard */; };
		5498EC961C48D27B00A7D99E /* DisplayViewController.m in Sources */ = {isa = PBXBuildFile; fileRef = 5498EC951C48D27B00A7D99E /* DisplayViewController.m */; };
		5498EC991C48D41900A7D99E /* GroupActivityViewController.m in Sources */ = {isa = PBXBuildFile; fileRef = 5498EC981C48D41900A7D99E /* GroupActivityViewController.m */; };
		5498EC9C1C48D48500A7D99E /* TrackLoggingViewController.m in Sources */ = {isa = PBXBuildFile; fileRef = 5498EC9B1C48D48500A7D99E /* TrackLoggingViewController.m */; };
		5498EC9F1C48D4C900A7D99E /* ShareViewController.m in Sources */ = {isa = PBXBuildFile; fileRef = 5498EC9E1C48D4C900A7D99E /* ShareViewController.m */; };
		5498ECA21C48D4F400A7D99E /* FriendsViewController.m in Sources */ = {isa = PBXBuildFile; fileRef = 5498ECA11C48D4F400A7D99E /* FriendsViewController.m */; };
		54B3AF981C4DD3BB00D79478 /* PointWithDistanceAnnView.m in Sources */ = {isa = PBXBuildFile; fileRef = 54B3AF971C4DD3BB00D79478 /* PointWithDistanceAnnView.m */; };
		54B3AF9B1C4DD51900D79478 /* PointWithDistanceAnn.m in Sources */ = {isa = PBXBuildFile; fileRef = 54B3AF9A1C4DD51900D79478 /* PointWithDistanceAnn.m */; };
		54D26B261C4C8CD2001D20D9 /* altitude_selected.png in Resources */ = {isa = PBXBuildFile; fileRef = 54D26B241C4C8CD2001D20D9 /* altitude_selected.png */; };
		54D26B271C4C8CD2001D20D9 /* altitude.png in Resources */ = {isa = PBXBuildFile; fileRef = 54D26B251C4C8CD2001D20D9 /* altitude.png */; };
		54D26B2D1C4CD6E1001D20D9 /* distance_selected.png in Resources */ = {isa = PBXBuildFile; fileRef = 54D26B2B1C4CD6E1001D20D9 /* distance_selected.png */; };
		54D26B2E1C4CD6E1001D20D9 /* distance.png in Resources */ = {isa = PBXBuildFile; fileRef = 54D26B2C1C4CD6E1001D20D9 /* distance.png */; };
		54D26B331C4CDA12001D20D9 /* point.png in Resources */ = {isa = PBXBuildFile; fileRef = 54D26B321C4CDA12001D20D9 /* point.png */; };
		54D26B401C4D1875001D20D9 /* DistanceCalloutView.m in Sources */ = {isa = PBXBuildFile; fileRef = 54D26B3F1C4D1875001D20D9 /* DistanceCalloutView.m */; };
		7C835AF59DDEBCA136F22534 /* libPods.a in Frameworks */ = {isa = PBXBuildFile; fileRef = 40ADB28BE06A8DAB820CF0BA /* libPods.a */; };
		C2034DCD1C49CC9900202881 /* AppDelegate.m in Sources */ = {isa = PBXBuildFile; fileRef = C2034DCC1C49CC9900202881 /* AppDelegate.m */; };
		C2034DD11C49CD6100202881 /* YYUserModel.m in Sources */ = {isa = PBXBuildFile; fileRef = C2034DD01C49CD6100202881 /* YYUserModel.m */; };
		C2034DD41C49D1B400202881 /* LeancoudTools.m in Sources */ = {isa = PBXBuildFile; fileRef = C2034DD31C49D1B400202881 /* LeancoudTools.m */; };
		C21FE6CB1C4923F100D71330 /* UserViewController.m in Sources */ = {isa = PBXBuildFile; fileRef = C21FE6CA1C4923F100D71330 /* UserViewController.m */; };
/* End PBXBuildFile section */

/* Begin PBXFileReference section */
		40ADB28BE06A8DAB820CF0BA /* libPods.a */ = {isa = PBXFileReference; explicitFileType = archive.ar; includeInIndex = 0; path = libPods.a; sourceTree = BUILT_PRODUCTS_DIR; };
		540D98ED1C49ECD80027EF2F /* MapViewController.h */ = {isa = PBXFileReference; fileEncoding = 4; lastKnownFileType = sourcecode.c.h; path = MapViewController.h; sourceTree = "<group>"; };
		540D98EE1C49ECD80027EF2F /* MapViewController.m */ = {isa = PBXFileReference; fileEncoding = 4; lastKnownFileType = sourcecode.c.objc; path = MapViewController.m; sourceTree = "<group>"; };
		540D98FD1C4A64380027EF2F /* daohang.png */ = {isa = PBXFileReference; lastKnownFileType = image.png; path = daohang.png; sourceTree = "<group>"; };
		540D98FE1C4A64380027EF2F /* daohang_selected.png */ = {isa = PBXFileReference; lastKnownFileType = image.png; path = daohang_selected.png; sourceTree = "<group>"; };
		540D98FF1C4A64380027EF2F /* group.png */ = {isa = PBXFileReference; lastKnownFileType = image.png; path = group.png; sourceTree = "<group>"; };
		540D99001C4A64380027EF2F /* group_select.png */ = {isa = PBXFileReference; lastKnownFileType = image.png; path = group_select.png; sourceTree = "<group>"; };
		540D99011C4A64380027EF2F /* haoyou-selected.png */ = {isa = PBXFileReference; lastKnownFileType = image.png; path = "haoyou-selected.png"; sourceTree = "<group>"; };
		540D99021C4A64380027EF2F /* haoyou.png */ = {isa = PBXFileReference; lastKnownFileType = image.png; path = haoyou.png; sourceTree = "<group>"; };
		540D99031C4A64380027EF2F /* jia.png */ = {isa = PBXFileReference; lastKnownFileType = image.png; path = jia.png; sourceTree = "<group>"; };
		540D99041C4A64380027EF2F /* jia_selected.png */ = {isa = PBXFileReference; lastKnownFileType = image.png; path = jia_selected.png; sourceTree = "<group>"; };
		540D99051C4A64380027EF2F /* jian.png */ = {isa = PBXFileReference; lastKnownFileType = image.png; path = jian.png; sourceTree = "<group>"; };
		540D99061C4A64380027EF2F /* jian_selected.png */ = {isa = PBXFileReference; lastKnownFileType = image.png; path = jian_selected.png; sourceTree = "<group>"; };
		540D99071C4A64380027EF2F /* news.png */ = {isa = PBXFileReference; lastKnownFileType = image.png; path = news.png; sourceTree = "<group>"; };
		540D99081C4A64380027EF2F /* news_selected.png */ = {isa = PBXFileReference; lastKnownFileType = image.png; path = news_selected.png; sourceTree = "<group>"; };
		540D99091C4A64380027EF2F /* person.png */ = {isa = PBXFileReference; lastKnownFileType = image.png; path = person.png; sourceTree = "<group>"; };
		540D990A1C4A64380027EF2F /* share.png */ = {isa = PBXFileReference; lastKnownFileType = image.png; path = share.png; sourceTree = "<group>"; };
		540D990B1C4A64380027EF2F /* share_selected.png */ = {isa = PBXFileReference; lastKnownFileType = image.png; path = share_selected.png; sourceTree = "<group>"; };
		540D990C1C4A64380027EF2F /* weixing.png */ = {isa = PBXFileReference; lastKnownFileType = image.png; path = weixing.png; sourceTree = "<group>"; };
		540D990D1C4A64380027EF2F /* weixing_selected.png */ = {isa = PBXFileReference; lastKnownFileType = image.png; path = weixing_selected.png; sourceTree = "<group>"; };
		5498EC6A1C48CE2400A7D99E /* teamWork.app */ = {isa = PBXFileReference; explicitFileType = wrapper.application; includeInIndex = 0; path = teamWork.app; sourceTree = BUILT_PRODUCTS_DIR; };
		5498EC6E1C48CE2400A7D99E /* main.m */ = {isa = PBXFileReference; lastKnownFileType = sourcecode.c.objc; path = main.m; sourceTree = "<group>"; };
		5498EC771C48CE2400A7D99E /* Base */ = {isa = PBXFileReference; lastKnownFileType = file.storyboard; name = Base; path = Base.lproj/Main.storyboard; sourceTree = "<group>"; };
		5498EC791C48CE2400A7D99E /* Assets.xcassets */ = {isa = PBXFileReference; lastKnownFileType = folder.assetcatalog; path = Assets.xcassets; sourceTree = "<group>"; };
		5498EC7C1C48CE2400A7D99E /* Base */ = {isa = PBXFileReference; lastKnownFileType = file.storyboard; name = Base; path = Base.lproj/LaunchScreen.storyboard; sourceTree = "<group>"; };
		5498EC7E1C48CE2400A7D99E /* Info.plist */ = {isa = PBXFileReference; lastKnownFileType = text.plist.xml; path = Info.plist; sourceTree = "<group>"; };
		5498EC8D1C48D0E700A7D99E /* APPHeader.h */ = {isa = PBXFileReference; fileEncoding = 4; lastKnownFileType = sourcecode.c.h; path = APPHeader.h; sourceTree = "<group>"; };
		5498EC8E1C48D0E700A7D99E /* KEYHeader.h */ = {isa = PBXFileReference; fileEncoding = 4; lastKnownFileType = sourcecode.c.h; path = KEYHeader.h; sourceTree = "<group>"; };
		5498EC8F1C48D0E700A7D99E /* THRHeader.h */ = {isa = PBXFileReference; fileEncoding = 4; lastKnownFileType = sourcecode.c.h; path = THRHeader.h; sourceTree = "<group>"; };
		5498EC901C48D0E700A7D99E /* URLHeader.h */ = {isa = PBXFileReference; fileEncoding = 4; lastKnownFileType = sourcecode.c.h; path = URLHeader.h; sourceTree = "<group>"; };
		5498EC931C48D10B00A7D99E /* teamWorkPCH.pch */ = {isa = PBXFileReference; lastKnownFileType = sourcecode.c.h; path = teamWorkPCH.pch; sourceTree = "<group>"; };
		5498EC941C48D27B00A7D99E /* DisplayViewController.h */ = {isa = PBXFileReference; fileEncoding = 4; lastKnownFileType = sourcecode.c.h; path = DisplayViewController.h; sourceTree = "<group>"; };
		5498EC951C48D27B00A7D99E /* DisplayViewController.m */ = {isa = PBXFileReference; fileEncoding = 4; lastKnownFileType = sourcecode.c.objc; path = DisplayViewController.m; sourceTree = "<group>"; };
		5498EC971C48D41900A7D99E /* GroupActivityViewController.h */ = {isa = PBXFileReference; fileEncoding = 4; lastKnownFileType = sourcecode.c.h; path = GroupActivityViewController.h; sourceTree = "<group>"; };
		5498EC981C48D41900A7D99E /* GroupActivityViewController.m */ = {isa = PBXFileReference; fileEncoding = 4; lastKnownFileType = sourcecode.c.objc; path = GroupActivityViewController.m; sourceTree = "<group>"; };
		5498EC9A1C48D48500A7D99E /* TrackLoggingViewController.h */ = {isa = PBXFileReference; fileEncoding = 4; lastKnownFileType = sourcecode.c.h; path = TrackLoggingViewController.h; sourceTree = "<group>"; };
		5498EC9B1C48D48500A7D99E /* TrackLoggingViewController.m */ = {isa = PBXFileReference; fileEncoding = 4; lastKnownFileType = sourcecode.c.objc; path = TrackLoggingViewController.m; sourceTree = "<group>"; };
		5498EC9D1C48D4C900A7D99E /* ShareViewController.h */ = {isa = PBXFileReference; fileEncoding = 4; lastKnownFileType = sourcecode.c.h; path = ShareViewController.h; sourceTree = "<group>"; };
		5498EC9E1C48D4C900A7D99E /* ShareViewController.m */ = {isa = PBXFileReference; fileEncoding = 4; lastKnownFileType = sourcecode.c.objc; path = ShareViewController.m; sourceTree = "<group>"; };
		5498ECA01C48D4F400A7D99E /* FriendsViewController.h */ = {isa = PBXFileReference; fileEncoding = 4; lastKnownFileType = sourcecode.c.h; path = FriendsViewController.h; sourceTree = "<group>"; };
		5498ECA11C48D4F400A7D99E /* FriendsViewController.m */ = {isa = PBXFileReference; fileEncoding = 4; lastKnownFileType = sourcecode.c.objc; path = FriendsViewController.m; sourceTree = "<group>"; };
		54B3AF961C4DD3BB00D79478 /* PointWithDistanceAnnView.h */ = {isa = PBXFileReference; fileEncoding = 4; lastKnownFileType = sourcecode.c.h; path = PointWithDistanceAnnView.h; sourceTree = "<group>"; };
		54B3AF971C4DD3BB00D79478 /* PointWithDistanceAnnView.m */ = {isa = PBXFileReference; fileEncoding = 4; lastKnownFileType = sourcecode.c.objc; path = PointWithDistanceAnnView.m; sourceTree = "<group>"; };
		54B3AF991C4DD51900D79478 /* PointWithDistanceAnn.h */ = {isa = PBXFileReference; fileEncoding = 4; lastKnownFileType = sourcecode.c.h; path = PointWithDistanceAnn.h; sourceTree = "<group>"; };
		54B3AF9A1C4DD51900D79478 /* PointWithDistanceAnn.m */ = {isa = PBXFileReference; fileEncoding = 4; lastKnownFileType = sourcecode.c.objc; path = PointWithDistanceAnn.m; sourceTree = "<group>"; };
		54D26B241C4C8CD2001D20D9 /* altitude_selected.png */ = {isa = PBXFileReference; lastKnownFileType = image.png; path = altitude_selected.png; sourceTree = "<group>"; };
		54D26B251C4C8CD2001D20D9 /* altitude.png */ = {isa = PBXFileReference; lastKnownFileType = image.png; path = altitude.png; sourceTree = "<group>"; };
		54D26B2B1C4CD6E1001D20D9 /* distance_selected.png */ = {isa = PBXFileReference; lastKnownFileType = image.png; path = distance_selected.png; sourceTree = "<group>"; };
		54D26B2C1C4CD6E1001D20D9 /* distance.png */ = {isa = PBXFileReference; lastKnownFileType = image.png; path = distance.png; sourceTree = "<group>"; };
		54D26B321C4CDA12001D20D9 /* point.png */ = {isa = PBXFileReference; lastKnownFileType = image.png; path = point.png; sourceTree = "<group>"; };
		54D26B3E1C4D1875001D20D9 /* DistanceCalloutView.h */ = {isa = PBXFileReference; fileEncoding = 4; lastKnownFileType = sourcecode.c.h; path = DistanceCalloutView.h; sourceTree = "<group>"; };
		54D26B3F1C4D1875001D20D9 /* DistanceCalloutView.m */ = {isa = PBXFileReference; fileEncoding = 4; lastKnownFileType = sourcecode.c.objc; path = DistanceCalloutView.m; sourceTree = "<group>"; };
		8548A76332434B8AF27C174A /* Pods.release.xcconfig */ = {isa = PBXFileReference; includeInIndex = 1; lastKnownFileType = text.xcconfig; name = Pods.release.xcconfig; path = "Pods/Target Support Files/Pods/Pods.release.xcconfig"; sourceTree = "<group>"; };
		A4FD56D4368DF51162DA0C2E /* Pods.debug.xcconfig */ = {isa = PBXFileReference; includeInIndex = 1; lastKnownFileType = text.xcconfig; name = Pods.debug.xcconfig; path = "Pods/Target Support Files/Pods/Pods.debug.xcconfig"; sourceTree = "<group>"; };
		C2034DCB1C49CC9900202881 /* AppDelegate.h */ = {isa = PBXFileReference; fileEncoding = 4; lastKnownFileType = sourcecode.c.h; path = AppDelegate.h; sourceTree = "<group>"; };
		C2034DCC1C49CC9900202881 /* AppDelegate.m */ = {isa = PBXFileReference; fileEncoding = 4; lastKnownFileType = sourcecode.c.objc; path = AppDelegate.m; sourceTree = "<group>"; };
		C2034DCF1C49CD6100202881 /* YYUserModel.h */ = {isa = PBXFileReference; fileEncoding = 4; lastKnownFileType = sourcecode.c.h; path = YYUserModel.h; sourceTree = "<group>"; };
		C2034DD01C49CD6100202881 /* YYUserModel.m */ = {isa = PBXFileReference; fileEncoding = 4; lastKnownFileType = sourcecode.c.objc; path = YYUserModel.m; sourceTree = "<group>"; };
		C2034DD21C49D1B400202881 /* LeancoudTools.h */ = {isa = PBXFileReference; fileEncoding = 4; lastKnownFileType = sourcecode.c.h; path = LeancoudTools.h; sourceTree = "<group>"; };
		C2034DD31C49D1B400202881 /* LeancoudTools.m */ = {isa = PBXFileReference; fileEncoding = 4; lastKnownFileType = sourcecode.c.objc; path = LeancoudTools.m; sourceTree = "<group>"; };
		C21FE6C91C4923F100D71330 /* UserViewController.h */ = {isa = PBXFileReference; fileEncoding = 4; lastKnownFileType = sourcecode.c.h; path = UserViewController.h; sourceTree = "<group>"; };
		C21FE6CA1C4923F100D71330 /* UserViewController.m */ = {isa = PBXFileReference; fileEncoding = 4; lastKnownFileType = sourcecode.c.objc; path = UserViewController.m; sourceTree = "<group>"; };
/* End PBXFileReference section */

/* Begin PBXFrameworksBuildPhase section */
		5498EC671C48CE2400A7D99E /* Frameworks */ = {
			isa = PBXFrameworksBuildPhase;
			buildActionMask = 2147483647;
			files = (
				7C835AF59DDEBCA136F22534 /* libPods.a in Frameworks */,
			);
			runOnlyForDeploymentPostprocessing = 0;
		};
/* End PBXFrameworksBuildPhase section */

/* Begin PBXGroup section */
		540D98EC1C49ECD80027EF2F /* Map */ = {
			isa = PBXGroup;
			children = (
				540D98ED1C49ECD80027EF2F /* MapViewController.h */,
				540D98EE1C49ECD80027EF2F /* MapViewController.m */,
			);
			path = Map;
			sourceTree = "<group>";
		};
		540D98FC1C4A64380027EF2F /* mapView */ = {
			isa = PBXGroup;
			children = (
				54D26B321C4CDA12001D20D9 /* point.png */,
				54D26B2B1C4CD6E1001D20D9 /* distance_selected.png */,
				54D26B2C1C4CD6E1001D20D9 /* distance.png */,
				54D26B241C4C8CD2001D20D9 /* altitude_selected.png */,
				54D26B251C4C8CD2001D20D9 /* altitude.png */,
				540D98FD1C4A64380027EF2F /* daohang.png */,
				540D98FE1C4A64380027EF2F /* daohang_selected.png */,
				540D98FF1C4A64380027EF2F /* group.png */,
				540D99001C4A64380027EF2F /* group_select.png */,
				540D99011C4A64380027EF2F /* haoyou-selected.png */,
				540D99021C4A64380027EF2F /* haoyou.png */,
				540D99031C4A64380027EF2F /* jia.png */,
				540D99041C4A64380027EF2F /* jia_selected.png */,
				540D99051C4A64380027EF2F /* jian.png */,
				540D99061C4A64380027EF2F /* jian_selected.png */,
				540D99071C4A64380027EF2F /* news.png */,
				540D99081C4A64380027EF2F /* news_selected.png */,
				540D99091C4A64380027EF2F /* person.png */,
				540D990A1C4A64380027EF2F /* share.png */,
				540D990B1C4A64380027EF2F /* share_selected.png */,
				540D990C1C4A64380027EF2F /* weixing.png */,
				540D990D1C4A64380027EF2F /* weixing_selected.png */,
			);
			path = mapView;
			sourceTree = "<group>";
		};
		5498EC611C48CE2300A7D99E = {
			isa = PBXGroup;
			children = (
				5498EC6C1C48CE2400A7D99E /* teamWork */,
				5498EC6B1C48CE2400A7D99E /* Products */,
				7B9768A9AE9E5614914AA432 /* Pods */,
				B0BB5B4E266E52F21B0C53F1 /* Frameworks */,
			);
			sourceTree = "<group>";
		};
		5498EC6B1C48CE2400A7D99E /* Products */ = {
			isa = PBXGroup;
			children = (
				5498EC6A1C48CE2400A7D99E /* teamWork.app */,
			);
			name = Products;
			sourceTree = "<group>";
		};
		5498EC6C1C48CE2400A7D99E /* teamWork */ = {
			isa = PBXGroup;
			children = (
				5498EC841C48D0E700A7D99E /* Source */,
				5498EC761C48CE2400A7D99E /* Main.storyboard */,
				5498EC791C48CE2400A7D99E /* Assets.xcassets */,
				5498EC7B1C48CE2400A7D99E /* LaunchScreen.storyboard */,
				5498EC7E1C48CE2400A7D99E /* Info.plist */,
				5498EC931C48D10B00A7D99E /* teamWorkPCH.pch */,
				5498EC6D1C48CE2400A7D99E /* Supporting Files */,
			);
			path = teamWork;
			sourceTree = "<group>";
		};
		5498EC6D1C48CE2400A7D99E /* Supporting Files */ = {
			isa = PBXGroup;
			children = (
				5498EC6E1C48CE2400A7D99E /* main.m */,
			);
			name = "Supporting Files";
			sourceTree = "<group>";
		};
		5498EC841C48D0E700A7D99E /* Source */ = {
			isa = PBXGroup;
			children = (
				5498EC851C48D0E700A7D99E /* Application */,
				5498EC861C48D0E700A7D99E /* BaseClass */,
				5498EC871C48D0E700A7D99E /* CodeClass */,
				5498EC8B1C48D0E700A7D99E /* Framework */,
				5498EC8C1C48D0E700A7D99E /* Header */,
				5498EC911C48D0E700A7D99E /* Resources */,
				5498EC921C48D0E700A7D99E /* TheThird */,
			);
			path = Source;
			sourceTree = "<group>";
		};
		5498EC851C48D0E700A7D99E /* Application */ = {
			isa = PBXGroup;
			children = (
				C2034DCB1C49CC9900202881 /* AppDelegate.h */,
				C2034DCC1C49CC9900202881 /* AppDelegate.m */,
			);
			path = Application;
			sourceTree = "<group>";
		};
		5498EC861C48D0E700A7D99E /* BaseClass */ = {
			isa = PBXGroup;
			children = (
				C2034DD21C49D1B400202881 /* LeancoudTools.h */,
				C2034DD31C49D1B400202881 /* LeancoudTools.m */,
			);
			path = BaseClass;
			sourceTree = "<group>";
		};
		5498EC871C48D0E700A7D99E /* CodeClass */ = {
			isa = PBXGroup;
			children = (
				5498EC881C48D0E700A7D99E /* Controller */,
				5498EC891C48D0E700A7D99E /* Model */,
				5498EC8A1C48D0E700A7D99E /* View */,
			);
			path = CodeClass;
			sourceTree = "<group>";
		};
		5498EC881C48D0E700A7D99E /* Controller */ = {
			isa = PBXGroup;
			children = (
				540D98EC1C49ECD80027EF2F /* Map */,
				C21FE6C81C49239100D71330 /* User */,
				5498EC941C48D27B00A7D99E /* DisplayViewController.h */,
				5498EC951C48D27B00A7D99E /* DisplayViewController.m */,
				5498EC971C48D41900A7D99E /* GroupActivityViewController.h */,
				5498EC981C48D41900A7D99E /* GroupActivityViewController.m */,
				5498EC9A1C48D48500A7D99E /* TrackLoggingViewController.h */,
				5498EC9B1C48D48500A7D99E /* TrackLoggingViewController.m */,
				5498EC9D1C48D4C900A7D99E /* ShareViewController.h */,
				5498EC9E1C48D4C900A7D99E /* ShareViewController.m */,
				5498ECA01C48D4F400A7D99E /* FriendsViewController.h */,
				5498ECA11C48D4F400A7D99E /* FriendsViewController.m */,
			);
			path = Controller;
			sourceTree = "<group>";
		};
		5498EC891C48D0E700A7D99E /* Model */ = {
			isa = PBXGroup;
			children = (
				54D26B3A1C4CEDAB001D20D9 /* Map */,
				C2034DCE1C49CD4600202881 /* User */,
			);
			path = Model;
			sourceTree = "<group>";
		};
		5498EC8A1C48D0E700A7D99E /* View */ = {
			isa = PBXGroup;
			children = (
				54D26B3E1C4D1875001D20D9 /* DistanceCalloutView.h */,
				54D26B3F1C4D1875001D20D9 /* DistanceCalloutView.m */,
			);
			path = View;
			sourceTree = "<group>";
		};
		5498EC8B1C48D0E700A7D99E /* Framework */ = {
			isa = PBXGroup;
			children = (
			);
			path = Framework;
			sourceTree = "<group>";
		};
		5498EC8C1C48D0E700A7D99E /* Header */ = {
			isa = PBXGroup;
			children = (
				5498EC8D1C48D0E700A7D99E /* APPHeader.h */,
				5498EC8E1C48D0E700A7D99E /* KEYHeader.h */,
				5498EC8F1C48D0E700A7D99E /* THRHeader.h */,
				5498EC901C48D0E700A7D99E /* URLHeader.h */,
			);
			path = Header;
			sourceTree = "<group>";
		};
		5498EC911C48D0E700A7D99E /* Resources */ = {
			isa = PBXGroup;
			children = (
				540D98FC1C4A64380027EF2F /* mapView */,
			);
			path = Resources;
			sourceTree = "<group>";
		};
		5498EC921C48D0E700A7D99E /* TheThird */ = {
			isa = PBXGroup;
			children = (
			);
			path = TheThird;
			sourceTree = "<group>";
		};
		54D26B3A1C4CEDAB001D20D9 /* Map */ = {
			isa = PBXGroup;
			children = (
				54B3AF961C4DD3BB00D79478 /* PointWithDistanceAnnView.h */,
				54B3AF971C4DD3BB00D79478 /* PointWithDistanceAnnView.m */,
				54B3AF991C4DD51900D79478 /* PointWithDistanceAnn.h */,
				54B3AF9A1C4DD51900D79478 /* PointWithDistanceAnn.m */,
			);
			path = Map;
			sourceTree = "<group>";
		};
		7B9768A9AE9E5614914AA432 /* Pods */ = {
			isa = PBXGroup;
			children = (
				A4FD56D4368DF51162DA0C2E /* Pods.debug.xcconfig */,
				8548A76332434B8AF27C174A /* Pods.release.xcconfig */,
			);
			name = Pods;
			sourceTree = "<group>";
		};
		B0BB5B4E266E52F21B0C53F1 /* Frameworks */ = {
			isa = PBXGroup;
			children = (
				40ADB28BE06A8DAB820CF0BA /* libPods.a */,
			);
			name = Frameworks;
			sourceTree = "<group>";
		};
		C2034DCE1C49CD4600202881 /* User */ = {
			isa = PBXGroup;
			children = (
				C2034DCF1C49CD6100202881 /* YYUserModel.h */,
				C2034DD01C49CD6100202881 /* YYUserModel.m */,
			);
			path = User;
			sourceTree = "<group>";
		};
		C21FE6C81C49239100D71330 /* User */ = {
			isa = PBXGroup;
			children = (
				C21FE6C91C4923F100D71330 /* UserViewController.h */,
				C21FE6CA1C4923F100D71330 /* UserViewController.m */,
			);
			path = User;
			sourceTree = "<group>";
		};
/* End PBXGroup section */

/* Begin PBXNativeTarget section */
		5498EC691C48CE2400A7D99E /* teamWork */ = {
			isa = PBXNativeTarget;
			buildConfigurationList = 5498EC811C48CE2400A7D99E /* Build configuration list for PBXNativeTarget "teamWork" */;
			buildPhases = (
				D012E851514F3C3D1D32471E /* Check Pods Manifest.lock */,
				5498EC661C48CE2400A7D99E /* Sources */,
				5498EC671C48CE2400A7D99E /* Frameworks */,
				5498EC681C48CE2400A7D99E /* Resources */,
				738C0E4342BDA57D86350A3C /* Embed Pods Frameworks */,
				6236096C41599CEA930DE7AE /* Copy Pods Resources */,
			);
			buildRules = (
			);
			dependencies = (
			);
			name = teamWork;
			productName = teamWork;
			productReference = 5498EC6A1C48CE2400A7D99E /* teamWork.app */;
			productType = "com.apple.product-type.application";
		};
/* End PBXNativeTarget section */

/* Begin PBXProject section */
		5498EC621C48CE2300A7D99E /* Project object */ = {
			isa = PBXProject;
			attributes = {
				LastUpgradeCheck = 0720;
				ORGANIZATIONNAME = hanxiaolong;
				TargetAttributes = {
					5498EC691C48CE2400A7D99E = {
						CreatedOnToolsVersion = 7.2;
						SystemCapabilities = {
							com.apple.BackgroundModes = {
								enabled = 1;
							};
						};
					};
				};
			};
			buildConfigurationList = 5498EC651C48CE2300A7D99E /* Build configuration list for PBXProject "teamWork" */;
			compatibilityVersion = "Xcode 3.2";
			developmentRegion = English;
			hasScannedForEncodings = 0;
			knownRegions = (
				en,
				Base,
			);
			mainGroup = 5498EC611C48CE2300A7D99E;
			productRefGroup = 5498EC6B1C48CE2400A7D99E /* Products */;
			projectDirPath = "";
			projectRoot = "";
			targets = (
				5498EC691C48CE2400A7D99E /* teamWork */,
			);
		};
/* End PBXProject section */

/* Begin PBXResourcesBuildPhase section */
		5498EC681C48CE2400A7D99E /* Resources */ = {
			isa = PBXResourcesBuildPhase;
			buildActionMask = 2147483647;
			files = (
				540D99141C4A64380027EF2F /* jia.png in Resources */,
				54D26B2D1C4CD6E1001D20D9 /* distance_selected.png in Resources */,
				540D990E1C4A64380027EF2F /* daohang.png in Resources */,
				540D99121C4A64380027EF2F /* haoyou-selected.png in Resources */,
				540D991D1C4A64380027EF2F /* weixing.png in Resources */,
				540D990F1C4A64380027EF2F /* daohang_selected.png in Resources */,
				540D991A1C4A64380027EF2F /* person.png in Resources */,
				54D26B331C4CDA12001D20D9 /* point.png in Resources */,
				540D991E1C4A64380027EF2F /* weixing_selected.png in Resources */,
				540D99181C4A64380027EF2F /* news.png in Resources */,
				5498EC7D1C48CE2400A7D99E /* LaunchScreen.storyboard in Resources */,
				54D26B2E1C4CD6E1001D20D9 /* distance.png in Resources */,
				540D99161C4A64380027EF2F /* jian.png in Resources */,
				540D99101C4A64380027EF2F /* group.png in Resources */,
				5498EC7A1C48CE2400A7D99E /* Assets.xcassets in Resources */,
				540D991B1C4A64380027EF2F /* share.png in Resources */,
				54D26B261C4C8CD2001D20D9 /* altitude_selected.png in Resources */,
				540D99171C4A64380027EF2F /* jian_selected.png in Resources */,
				54D26B271C4C8CD2001D20D9 /* altitude.png in Resources */,
				540D99111C4A64380027EF2F /* group_select.png in Resources */,
				5498EC781C48CE2400A7D99E /* Main.storyboard in Resources */,
				540D991C1C4A64380027EF2F /* share_selected.png in Resources */,
				540D99151C4A64380027EF2F /* jia_selected.png in Resources */,
				540D99131C4A64380027EF2F /* haoyou.png in Resources */,
				540D99191C4A64380027EF2F /* news_selected.png in Resources */,
			);
			runOnlyForDeploymentPostprocessing = 0;
		};
/* End PBXResourcesBuildPhase section */

/* Begin PBXShellScriptBuildPhase section */
		6236096C41599CEA930DE7AE /* Copy Pods Resources */ = {
			isa = PBXShellScriptBuildPhase;
			buildActionMask = 2147483647;
			files = (
			);
			inputPaths = (
			);
			name = "Copy Pods Resources";
			outputPaths = (
			);
			runOnlyForDeploymentPostprocessing = 0;
			shellPath = /bin/sh;
			shellScript = "\"${SRCROOT}/Pods/Target Support Files/Pods/Pods-resources.sh\"\n";
			showEnvVarsInLog = 0;
		};
		738C0E4342BDA57D86350A3C /* Embed Pods Frameworks */ = {
			isa = PBXShellScriptBuildPhase;
			buildActionMask = 2147483647;
			files = (
			);
			inputPaths = (
			);
			name = "Embed Pods Frameworks";
			outputPaths = (
			);
			runOnlyForDeploymentPostprocessing = 0;
			shellPath = /bin/sh;
			shellScript = "\"${SRCROOT}/Pods/Target Support Files/Pods/Pods-frameworks.sh\"\n";
			showEnvVarsInLog = 0;
		};
		D012E851514F3C3D1D32471E /* Check Pods Manifest.lock */ = {
			isa = PBXShellScriptBuildPhase;
			buildActionMask = 2147483647;
			files = (
			);
			inputPaths = (
			);
			name = "Check Pods Manifest.lock";
			outputPaths = (
			);
			runOnlyForDeploymentPostprocessing = 0;
			shellPath = /bin/sh;
			shellScript = "diff \"${PODS_ROOT}/../Podfile.lock\" \"${PODS_ROOT}/Manifest.lock\" > /dev/null\nif [[ $? != 0 ]] ; then\n    cat << EOM\nerror: The sandbox is not in sync with the Podfile.lock. Run 'pod install' or update your CocoaPods installation.\nEOM\n    exit 1\nfi\n";
			showEnvVarsInLog = 0;
		};
/* End PBXShellScriptBuildPhase section */

/* Begin PBXSourcesBuildPhase section */
		5498EC661C48CE2400A7D99E /* Sources */ = {
			isa = PBXSourcesBuildPhase;
			buildActionMask = 2147483647;
			files = (
				54B3AF981C4DD3BB00D79478 /* PointWithDistanceAnnView.m in Sources */,
				54B3AF9B1C4DD51900D79478 /* PointWithDistanceAnn.m in Sources */,
				5498EC9C1C48D48500A7D99E /* TrackLoggingViewController.m in Sources */,
				5498ECA21C48D4F400A7D99E /* FriendsViewController.m in Sources */,
				C2034DD41C49D1B400202881 /* LeancoudTools.m in Sources */,
				5498EC991C48D41900A7D99E /* GroupActivityViewController.m in Sources */,
				5498EC961C48D27B00A7D99E /* DisplayViewController.m in Sources */,
				C2034DCD1C49CC9900202881 /* AppDelegate.m in Sources */,
				C21FE6CB1C4923F100D71330 /* UserViewController.m in Sources */,
				54D26B401C4D1875001D20D9 /* DistanceCalloutView.m in Sources */,
				C2034DD11C49CD6100202881 /* YYUserModel.m in Sources */,
				5498EC9F1C48D4C900A7D99E /* ShareViewController.m in Sources */,
				5498EC6F1C48CE2400A7D99E /* main.m in Sources */,
				540D98EF1C49ECD80027EF2F /* MapViewController.m in Sources */,
			);
			runOnlyForDeploymentPostprocessing = 0;
		};
/* End PBXSourcesBuildPhase section */

/* Begin PBXVariantGroup section */
		5498EC761C48CE2400A7D99E /* Main.storyboard */ = {
			isa = PBXVariantGroup;
			children = (
				5498EC771C48CE2400A7D99E /* Base */,
			);
			name = Main.storyboard;
			sourceTree = "<group>";
		};
		5498EC7B1C48CE2400A7D99E /* LaunchScreen.storyboard */ = {
			isa = PBXVariantGroup;
			children = (
				5498EC7C1C48CE2400A7D99E /* Base */,
			);
			name = LaunchScreen.storyboard;
			sourceTree = "<group>";
		};
/* End PBXVariantGroup section */

/* Begin XCBuildConfiguration section */
		5498EC7F1C48CE2400A7D99E /* Debug */ = {
			isa = XCBuildConfiguration;
			buildSettings = {
				ALWAYS_SEARCH_USER_PATHS = NO;
				CLANG_CXX_LANGUAGE_STANDARD = "gnu++0x";
				CLANG_CXX_LIBRARY = "libc++";
				CLANG_ENABLE_MODULES = YES;
				CLANG_ENABLE_OBJC_ARC = YES;
				CLANG_WARN_BOOL_CONVERSION = YES;
				CLANG_WARN_CONSTANT_CONVERSION = YES;
				CLANG_WARN_DIRECT_OBJC_ISA_USAGE = YES_ERROR;
				CLANG_WARN_EMPTY_BODY = YES;
				CLANG_WARN_ENUM_CONVERSION = YES;
				CLANG_WARN_INT_CONVERSION = YES;
				CLANG_WARN_OBJC_ROOT_CLASS = YES_ERROR;
				CLANG_WARN_UNREACHABLE_CODE = YES;
				CLANG_WARN__DUPLICATE_METHOD_MATCH = YES;
				"CODE_SIGN_IDENTITY[sdk=iphoneos*]" = "iPhone Developer";
				COPY_PHASE_STRIP = NO;
				DEBUG_INFORMATION_FORMAT = dwarf;
				ENABLE_STRICT_OBJC_MSGSEND = YES;
				ENABLE_TESTABILITY = YES;
				GCC_C_LANGUAGE_STANDARD = gnu99;
				GCC_DYNAMIC_NO_PIC = NO;
				GCC_NO_COMMON_BLOCKS = YES;
				GCC_OPTIMIZATION_LEVEL = 0;
				GCC_PREPROCESSOR_DEFINITIONS = (
					"DEBUG=1",
					"$(inherited)",
				);
				GCC_WARN_64_TO_32_BIT_CONVERSION = YES;
				GCC_WARN_ABOUT_RETURN_TYPE = YES_ERROR;
				GCC_WARN_UNDECLARED_SELECTOR = YES;
				GCC_WARN_UNINITIALIZED_AUTOS = YES_AGGRESSIVE;
				GCC_WARN_UNUSED_FUNCTION = YES;
				GCC_WARN_UNUSED_VARIABLE = YES;
				IPHONEOS_DEPLOYMENT_TARGET = 9.2;
				MTL_ENABLE_DEBUG_INFO = YES;
				ONLY_ACTIVE_ARCH = YES;
				SDKROOT = iphoneos;
				TARGETED_DEVICE_FAMILY = "1,2";
			};
			name = Debug;
		};
		5498EC801C48CE2400A7D99E /* Release */ = {
			isa = XCBuildConfiguration;
			buildSettings = {
				ALWAYS_SEARCH_USER_PATHS = NO;
				CLANG_CXX_LANGUAGE_STANDARD = "gnu++0x";
				CLANG_CXX_LIBRARY = "libc++";
				CLANG_ENABLE_MODULES = YES;
				CLANG_ENABLE_OBJC_ARC = YES;
				CLANG_WARN_BOOL_CONVERSION = YES;
				CLANG_WARN_CONSTANT_CONVERSION = YES;
				CLANG_WARN_DIRECT_OBJC_ISA_USAGE = YES_ERROR;
				CLANG_WARN_EMPTY_BODY = YES;
				CLANG_WARN_ENUM_CONVERSION = YES;
				CLANG_WARN_INT_CONVERSION = YES;
				CLANG_WARN_OBJC_ROOT_CLASS = YES_ERROR;
				CLANG_WARN_UNREACHABLE_CODE = YES;
				CLANG_WARN__DUPLICATE_METHOD_MATCH = YES;
				"CODE_SIGN_IDENTITY[sdk=iphoneos*]" = "iPhone Developer";
				COPY_PHASE_STRIP = NO;
				DEBUG_INFORMATION_FORMAT = "dwarf-with-dsym";
				ENABLE_NS_ASSERTIONS = NO;
				ENABLE_STRICT_OBJC_MSGSEND = YES;
				GCC_C_LANGUAGE_STANDARD = gnu99;
				GCC_NO_COMMON_BLOCKS = YES;
				GCC_WARN_64_TO_32_BIT_CONVERSION = YES;
				GCC_WARN_ABOUT_RETURN_TYPE = YES_ERROR;
				GCC_WARN_UNDECLARED_SELECTOR = YES;
				GCC_WARN_UNINITIALIZED_AUTOS = YES_AGGRESSIVE;
				GCC_WARN_UNUSED_FUNCTION = YES;
				GCC_WARN_UNUSED_VARIABLE = YES;
				IPHONEOS_DEPLOYMENT_TARGET = 9.2;
				MTL_ENABLE_DEBUG_INFO = NO;
				SDKROOT = iphoneos;
				TARGETED_DEVICE_FAMILY = "1,2";
				VALIDATE_PRODUCT = YES;
			};
			name = Release;
		};
		5498EC821C48CE2400A7D99E /* Debug */ = {
			isa = XCBuildConfiguration;
			baseConfigurationReference = A4FD56D4368DF51162DA0C2E /* Pods.debug.xcconfig */;
			buildSettings = {
				ASSETCATALOG_COMPILER_APPICON_NAME = AppIcon;
				GCC_PREFIX_HEADER = "$(SRCROOT)/teamWork/teamWorkPCH.pch";
				INFOPLIST_FILE = teamWork/Info.plist;
				LD_RUNPATH_SEARCH_PATHS = "$(inherited) @executable_path/Frameworks";
				PRODUCT_BUNDLE_IDENTIFIER = com.lanou3g.teamWork;
				PRODUCT_NAME = "$(TARGET_NAME)";
			};
			name = Debug;
		};
		5498EC831C48CE2400A7D99E /* Release */ = {
			isa = XCBuildConfiguration;
			baseConfigurationReference = 8548A76332434B8AF27C174A /* Pods.release.xcconfig */;
			buildSettings = {
				ASSETCATALOG_COMPILER_APPICON_NAME = AppIcon;
				GCC_PREFIX_HEADER = "$(SRCROOT)/teamWork/teamWorkPCH.pch";
				INFOPLIST_FILE = teamWork/Info.plist;
				LD_RUNPATH_SEARCH_PATHS = "$(inherited) @executable_path/Frameworks";
				PRODUCT_BUNDLE_IDENTIFIER = com.lanou3g.teamWork;
				PRODUCT_NAME = "$(TARGET_NAME)";
			};
			name = Release;
		};
/* End XCBuildConfiguration section */

/* Begin XCConfigurationList section */
		5498EC651C48CE2300A7D99E /* Build configuration list for PBXProject "teamWork" */ = {
			isa = XCConfigurationList;
			buildConfigurations = (
				5498EC7F1C48CE2400A7D99E /* Debug */,
				5498EC801C48CE2400A7D99E /* Release */,
			);
			defaultConfigurationIsVisible = 0;
			defaultConfigurationName = Release;
		};
		5498EC811C48CE2400A7D99E /* Build configuration list for PBXNativeTarget "teamWork" */ = {
			isa = XCConfigurationList;
			buildConfigurations = (
				5498EC821C48CE2400A7D99E /* Debug */,
				5498EC831C48CE2400A7D99E /* Release */,
			);
			defaultConfigurationIsVisible = 0;
			defaultConfigurationName = Release;
		};
/* End XCConfigurationList section */
	};
	rootObject = 5498EC621C48CE2300A7D99E /* Project object */;
}
